
Microsoft Visual Studio Solution File, Format Version 12.00
# Visual Studio Version 17
VisualStudioVersion = 17.4.33213.308
MinimumVisualStudioVersion = 10.0.40219.1
Project("{8BC9CEB8-8B4A-11D0-8D11-00A0C91BC942}") = "c_beginner_to_advanced", "c-beginner-to-advanced\c-beginner-to-advanced.vcxproj", "{9FDE8A91-DD7D-428F-B6AF-29F2639DAC44}"
EndProject
Project("{8BC9CEB8-8B4A-11D0-8D11-00A0C91BC942}") = "variables_and_data", "variables_and_data\variables_and_data.vcxproj", "{D44A0489-88B1-43CF-90BD-4701DF535510}"
EndProject
Project("{8BC9CEB8-8B4A-11D0-8D11-00A0C91BC942}") = "logic_operators", "logic_operators\logic_operators.vcxproj", "{404444C3-7094-4268-A8CC-8CCB3E5CD832}"
EndProject
Project("{8BC9CEB8-8B4A-11D0-8D11-00A0C91BC942}") = "loops", "loops\loops.vcxproj", "{FF2AAD1C-3DD6-43A4-A3D4-AF49177B7875}"
EndProject
Project("{8BC9CEB8-8B4A-11D0-8D11-00A0C91BC942}") = "simple_pointer", "simple_pointer\simple_pointer.vcxproj", "{38899533-5142-4CF7-913A-D7A2FB3EDB0D}"
EndProject
Project("{8BC9CEB8-8B4A-11D0-8D11-00A0C91BC942}") = "incrementations", "incrementations\incrementations.vcxproj", "{7E5BBC9F-0E49-4030-8E45-F799662398B6}"
EndProject
Project("{8BC9CEB8-8B4A-11D0-8D11-00A0C91BC942}") = "pointers_in_arrays", "pointers_in_arrays\pointers_in_arrays.vcxproj", "{DA98B64E-87B3-4A19-805C-BE2CA4961E20}"
EndProject
Project("{8BC9CEB8-8B4A-11D0-8D11-00A0C91BC942}") = "memory_allocation", "memory_allocation\memory_allocation.vcxproj", "{70C842F7-84C3-4A60-B07B-C0B623A2277B}"
EndProject
Project("{8BC9CEB8-8B4A-11D0-8D11-00A0C91BC942}") = "rectangle", "rectangle\rectangle.vcxproj", "{CD0D2F4C-A5FD-4A8D-8965-12EB7C89C0A1}"
EndProject
Project("{8BC9CEB8-8B4A-11D0-8D11-00A0C91BC942}") = "single_linked_list", "single_linked_list\single_linked_list.vcxproj", "{24C3B031-A016-4538-AE94-E59EF5BCCEA0}"
EndProject
Project("{8BC9CEB8-8B4A-11D0-8D11-00A0C91BC942}") = "inner_and_outer_functions", "inner_and_outer_functions\inner_and_outer_functions.vcxproj", "{4A2ECEF5-B3F7-441E-BD36-54A48495722B}"
EndProject
Project("{8BC9CEB8-8B4A-11D0-8D11-00A0C91BC942}") = "setting_and_reading_bits", "setting_and_reading_bits\setting_and_reading_bits.vcxproj", "{2FD1E7B5-C0B2-4E64-B94E-1BDA25FFF6B2}"
EndProject
Project("{8BC9CEB8-8B4A-11D0-8D11-00A0C91BC942}") = "using_bit_fields_to_pack", "using_bit_fields_to_pack\using_bit_fields_to_pack.vcxproj", "{5C4A28CD-7638-41DA-B776-9D09F9D5B5F9}"
EndProject
Project("{8BC9CEB8-8B4A-11D0-8D11-00A0C91BC942}") = "binary_numbers_and_bits", "binary_numbers_and_bits\binary_numbers_and_bits.vcxproj", "{900D86C5-56DE-429D-A099-E1766993129E}"
EndProject
Project("{8BC9CEB8-8B4A-11D0-8D11-00A0C91BC942}") = "recursion", "recursion\recursion.vcxproj", "{D90EBCB1-9A30-4053-8581-AA1B80FBFA5D}"
EndProject
Project("{8BC9CEB8-8B4A-11D0-8D11-00A0C91BC942}") = "more_c_libraries", "more_c_libraries\more_c_libraries.vcxproj", "{4923D44A-BB55-43BB-AE72-B6BE6BD19E5A}"
EndProject
Project("{8BC9CEB8-8B4A-11D0-8D11-00A0C91BC942}") = "union", "union\union.vcxproj", "{26BBFBF4-DF33-4034-89C8-36ACEE8475AA}"
EndProject
Project("{8BC9CEB8-8B4A-11D0-8D11-00A0C91BC942}") = "advanced_debugging_analysis_compiler_and_operations", "advanced_debugging_analysis_compiler_and_operations\advanced_debugging_analysis_compiler_and_operations.vcxproj", "{B05776A5-2444-40A3-90EB-DE79DE8AE093}"
EndProject
Project("{8BC9CEB8-8B4A-11D0-8D11-00A0C91BC942}") = "functions_concepts", "functions_concepts\functions_concepts.vcxproj", "{682C06F7-7272-43F7-BB9F-7B407785C1D9}"
EndProject
Project("{8BC9CEB8-8B4A-11D0-8D11-00A0C91BC942}") = "macros", "macros\macros.vcxproj", "{B96B7809-DEAD-4366-B331-12BA2920A818}"
EndProject
Project("{8BC9CEB8-8B4A-11D0-8D11-00A0C91BC942}") = "strings", "strings\strings.vcxproj", "{05D2B84D-D503-4568-AE8C-404089EBC743}"
EndProject
Project("{8BC9CEB8-8B4A-11D0-8D11-00A0C91BC942}") = "char_functions", "char_functions\char_functions.vcxproj", "{53B8841E-EF9D-4865-8DD2-4EA4C89DE7F2}"
EndProject
Project("{8BC9CEB8-8B4A-11D0-8D11-00A0C91BC942}") = "formatting_function", "formatting_function\formatting_function.vcxproj", "{1E4248D6-48F4-4D75-816F-6EA0AA8F19F4}"
EndProject
Project("{8BC9CEB8-8B4A-11D0-8D11-00A0C91BC942}") = "stack_and_queue", "stack_and_queue\stack_and_queue.vcxproj", "{7AACA2C5-2A09-48A2-9D0C-77296CD00D7B}"
EndProject
Project("{8BC9CEB8-8B4A-11D0-8D11-00A0C91BC942}") = "searching_and_hashing", "searching_and_hashing\searching_and_hashing.vcxproj", "{93BA88A5-64E2-4711-8030-642B1B33C7DC}"
EndProject
Project("{8BC9CEB8-8B4A-11D0-8D11-00A0C91BC942}") = "trees", "trees\trees.vcxproj", "{126E8F24-DE1E-422C-9583-6F165C641464}"
EndProject
Project("{8BC9CEB8-8B4A-11D0-8D11-00A0C91BC942}") = "sorting_algorithms", "sorting_algorithms\sorting_algorithms.vcxproj", "{541F39CA-0F60-4CEF-B16A-9DA618208AF1}"
EndProject
Project("{8BC9CEB8-8B4A-11D0-8D11-00A0C91BC942}") = "structs_and_type_deff", "structs_and_type_deff\structs_and_type_deff.vcxproj", "{A2B1E643-9866-46F9-8FB0-8F30E1EB9499}"
EndProject
Project("{8BC9CEB8-8B4A-11D0-8D11-00A0C91BC942}") = "vector", "vector\vector.vcxproj", "{1D01E0A6-66D2-44A2-BC0A-672A29268AE3}"
EndProject
Project("{8BC9CEB8-8B4A-11D0-8D11-00A0C91BC942}") = "decimal_to_binary", "decimal_to_binary\decimal_to_binary.vcxproj", "{C9558F83-305A-4D65-BAE4-27C5CAF1824F}"
EndProject
Project("{8BC9CEB8-8B4A-11D0-8D11-00A0C91BC942}") = "linked_lists", "linked_lists\linked_lists.vcxproj", "{1C10CC4E-1AAB-4213-8F55-D42D7B13ED28}"
EndProject
Project("{8BC9CEB8-8B4A-11D0-8D11-00A0C91BC942}") = "algorithms_with_recursion", "algorithms_with_recursion\algorithms_with_recursion.vcxproj", "{547962FE-09F7-45DB-AB1C-18CA44EAD0CC}"
EndProject
Project("{8BC9CEB8-8B4A-11D0-8D11-00A0C91BC942}") = "linked_lists_algorithms", "linked_lists_algorithms\linked_lists_algorithms.vcxproj", "{E6AE9C4A-8809-45C9-A66B-69E53B828536}"
EndProject
Project("{8BC9CEB8-8B4A-11D0-8D11-00A0C91BC942}") = "merge_sort_recursive", "merge_sort_recursive\merge_sort_recursive.vcxproj", "{C0360C86-1FA6-4430-9A3B-5254FFAEB934}"
EndProject
Project("{8BC9CEB8-8B4A-11D0-8D11-00A0C91BC942}") = "quick_sort", "quick_sort\quick_sort.vcxproj", "{BE8FD03D-555C-476E-B301-5B3BD63F0038}"
EndProject
Project("{8BC9CEB8-8B4A-11D0-8D11-00A0C91BC942}") = "selection_sort", "selection_sort\selection_sort.vcxproj", "{CFFF5B83-0A27-4845-967C-DC0ECCBC292D}"
EndProject
Project("{8BC9CEB8-8B4A-11D0-8D11-00A0C91BC942}") = "shell_sort", "shell_sort\shell_sort.vcxproj", "{748D463D-B9C2-4AE8-AF4D-701F69E120C5}"
EndProject
Project("{8BC9CEB8-8B4A-11D0-8D11-00A0C91BC942}") = "address_calc_sort", "address_calc_sort\address_calc_sort.vcxproj", "{26067F02-D06D-4F64-BA0D-3D4BD5C641F8}"
EndProject
Project("{8BC9CEB8-8B4A-11D0-8D11-00A0C91BC942}") = "heap_sort", "heap_sort\heap_sort.vcxproj", "{7DB9EBC3-667B-4A05-8B1D-6F89BC0F4921}"
EndProject
Project("{8BC9CEB8-8B4A-11D0-8D11-00A0C91BC942}") = "bubble_sort", "bubble_sort\bubble_sort.vcxproj", "{B8D7AD29-9766-4D75-A5C4-5E9A8B4DCA54}"
EndProject
Project("{8BC9CEB8-8B4A-11D0-8D11-00A0C91BC942}") = "insertion_sort", "insertion_sort\insertion_sort.vcxproj", "{9FD40110-206F-45BD-8DE9-E0FD40377920}"
EndProject
Project("{8BC9CEB8-8B4A-11D0-8D11-00A0C91BC942}") = "merge_sort_iterative", "merge_sort_iterative\merge_sort_iterative.vcxproj", "{E96769F3-3EA9-4784-98F1-B4D1DB61006F}"
EndProject
Project("{8BC9CEB8-8B4A-11D0-8D11-00A0C91BC942}") = "static_library", "static_library\static_library.vcxproj", "{4655ADB6-8E2D-4A20-876F-D476B5700C4E}"
EndProject
Global
	GlobalSection(SolutionConfigurationPlatforms) = preSolution
		Debug|x64 = Debug|x64
		Debug|x86 = Debug|x86
		Release|x64 = Release|x64
		Release|x86 = Release|x86
	EndGlobalSection
	GlobalSection(ProjectConfigurationPlatforms) = postSolution
		{9FDE8A91-DD7D-428F-B6AF-29F2639DAC44}.Debug|x64.ActiveCfg = Debug|x64
		{9FDE8A91-DD7D-428F-B6AF-29F2639DAC44}.Debug|x64.Build.0 = Debug|x64
		{9FDE8A91-DD7D-428F-B6AF-29F2639DAC44}.Debug|x86.ActiveCfg = Debug|Win32
		{9FDE8A91-DD7D-428F-B6AF-29F2639DAC44}.Debug|x86.Build.0 = Debug|Win32
		{9FDE8A91-DD7D-428F-B6AF-29F2639DAC44}.Release|x64.ActiveCfg = Release|x64
		{9FDE8A91-DD7D-428F-B6AF-29F2639DAC44}.Release|x64.Build.0 = Release|x64
		{9FDE8A91-DD7D-428F-B6AF-29F2639DAC44}.Release|x86.ActiveCfg = Release|Win32
		{9FDE8A91-DD7D-428F-B6AF-29F2639DAC44}.Release|x86.Build.0 = Release|Win32
		{D44A0489-88B1-43CF-90BD-4701DF535510}.Debug|x64.ActiveCfg = Debug|x64
		{D44A0489-88B1-43CF-90BD-4701DF535510}.Debug|x64.Build.0 = Debug|x64
		{D44A0489-88B1-43CF-90BD-4701DF535510}.Debug|x86.ActiveCfg = Debug|Win32
		{D44A0489-88B1-43CF-90BD-4701DF535510}.Debug|x86.Build.0 = Debug|Win32
		{D44A0489-88B1-43CF-90BD-4701DF535510}.Release|x64.ActiveCfg = Release|x64
		{D44A0489-88B1-43CF-90BD-4701DF535510}.Release|x64.Build.0 = Release|x64
		{D44A0489-88B1-43CF-90BD-4701DF535510}.Release|x86.ActiveCfg = Release|Win32
		{D44A0489-88B1-43CF-90BD-4701DF535510}.Release|x86.Build.0 = Release|Win32
		{404444C3-7094-4268-A8CC-8CCB3E5CD832}.Debug|x64.ActiveCfg = Debug|x64
		{404444C3-7094-4268-A8CC-8CCB3E5CD832}.Debug|x64.Build.0 = Debug|x64
		{404444C3-7094-4268-A8CC-8CCB3E5CD832}.Debug|x86.ActiveCfg = Debug|Win32
		{404444C3-7094-4268-A8CC-8CCB3E5CD832}.Debug|x86.Build.0 = Debug|Win32
		{404444C3-7094-4268-A8CC-8CCB3E5CD832}.Release|x64.ActiveCfg = Release|x64
		{404444C3-7094-4268-A8CC-8CCB3E5CD832}.Release|x64.Build.0 = Release|x64
		{404444C3-7094-4268-A8CC-8CCB3E5CD832}.Release|x86.ActiveCfg = Release|Win32
		{404444C3-7094-4268-A8CC-8CCB3E5CD832}.Release|x86.Build.0 = Release|Win32
		{FF2AAD1C-3DD6-43A4-A3D4-AF49177B7875}.Debug|x64.ActiveCfg = Debug|x64
		{FF2AAD1C-3DD6-43A4-A3D4-AF49177B7875}.Debug|x64.Build.0 = Debug|x64
		{FF2AAD1C-3DD6-43A4-A3D4-AF49177B7875}.Debug|x86.ActiveCfg = Debug|Win32
		{FF2AAD1C-3DD6-43A4-A3D4-AF49177B7875}.Debug|x86.Build.0 = Debug|Win32
		{FF2AAD1C-3DD6-43A4-A3D4-AF49177B7875}.Release|x64.ActiveCfg = Release|x64
		{FF2AAD1C-3DD6-43A4-A3D4-AF49177B7875}.Release|x64.Build.0 = Release|x64
		{FF2AAD1C-3DD6-43A4-A3D4-AF49177B7875}.Release|x86.ActiveCfg = Release|Win32
		{FF2AAD1C-3DD6-43A4-A3D4-AF49177B7875}.Release|x86.Build.0 = Release|Win32
		{38899533-5142-4CF7-913A-D7A2FB3EDB0D}.Debug|x64.ActiveCfg = Debug|x64
		{38899533-5142-4CF7-913A-D7A2FB3EDB0D}.Debug|x64.Build.0 = Debug|x64
		{38899533-5142-4CF7-913A-D7A2FB3EDB0D}.Debug|x86.ActiveCfg = Debug|Win32
		{38899533-5142-4CF7-913A-D7A2FB3EDB0D}.Debug|x86.Build.0 = Debug|Win32
		{38899533-5142-4CF7-913A-D7A2FB3EDB0D}.Release|x64.ActiveCfg = Release|x64
		{38899533-5142-4CF7-913A-D7A2FB3EDB0D}.Release|x64.Build.0 = Release|x64
		{38899533-5142-4CF7-913A-D7A2FB3EDB0D}.Release|x86.ActiveCfg = Release|Win32
		{38899533-5142-4CF7-913A-D7A2FB3EDB0D}.Release|x86.Build.0 = Release|Win32
		{7E5BBC9F-0E49-4030-8E45-F799662398B6}.Debug|x64.ActiveCfg = Debug|x64
		{7E5BBC9F-0E49-4030-8E45-F799662398B6}.Debug|x64.Build.0 = Debug|x64
		{7E5BBC9F-0E49-4030-8E45-F799662398B6}.Debug|x86.ActiveCfg = Debug|Win32
		{7E5BBC9F-0E49-4030-8E45-F799662398B6}.Debug|x86.Build.0 = Debug|Win32
		{7E5BBC9F-0E49-4030-8E45-F799662398B6}.Release|x64.ActiveCfg = Release|x64
		{7E5BBC9F-0E49-4030-8E45-F799662398B6}.Release|x64.Build.0 = Release|x64
		{7E5BBC9F-0E49-4030-8E45-F799662398B6}.Release|x86.ActiveCfg = Release|Win32
		{7E5BBC9F-0E49-4030-8E45-F799662398B6}.Release|x86.Build.0 = Release|Win32
		{DA98B64E-87B3-4A19-805C-BE2CA4961E20}.Debug|x64.ActiveCfg = Debug|x64
		{DA98B64E-87B3-4A19-805C-BE2CA4961E20}.Debug|x64.Build.0 = Debug|x64
		{DA98B64E-87B3-4A19-805C-BE2CA4961E20}.Debug|x86.ActiveCfg = Debug|Win32
		{DA98B64E-87B3-4A19-805C-BE2CA4961E20}.Debug|x86.Build.0 = Debug|Win32
		{DA98B64E-87B3-4A19-805C-BE2CA4961E20}.Release|x64.ActiveCfg = Release|x64
		{DA98B64E-87B3-4A19-805C-BE2CA4961E20}.Release|x64.Build.0 = Release|x64
		{DA98B64E-87B3-4A19-805C-BE2CA4961E20}.Release|x86.ActiveCfg = Release|Win32
		{DA98B64E-87B3-4A19-805C-BE2CA4961E20}.Release|x86.Build.0 = Release|Win32
		{70C842F7-84C3-4A60-B07B-C0B623A2277B}.Debug|x64.ActiveCfg = Debug|x64
		{70C842F7-84C3-4A60-B07B-C0B623A2277B}.Debug|x64.Build.0 = Debug|x64
		{70C842F7-84C3-4A60-B07B-C0B623A2277B}.Debug|x86.ActiveCfg = Debug|Win32
		{70C842F7-84C3-4A60-B07B-C0B623A2277B}.Debug|x86.Build.0 = Debug|Win32
		{70C842F7-84C3-4A60-B07B-C0B623A2277B}.Release|x64.ActiveCfg = Release|x64
		{70C842F7-84C3-4A60-B07B-C0B623A2277B}.Release|x64.Build.0 = Release|x64
		{70C842F7-84C3-4A60-B07B-C0B623A2277B}.Release|x86.ActiveCfg = Release|Win32
		{70C842F7-84C3-4A60-B07B-C0B623A2277B}.Release|x86.Build.0 = Release|Win32
		{CD0D2F4C-A5FD-4A8D-8965-12EB7C89C0A1}.Debug|x64.ActiveCfg = Debug|x64
		{CD0D2F4C-A5FD-4A8D-8965-12EB7C89C0A1}.Debug|x64.Build.0 = Debug|x64
		{CD0D2F4C-A5FD-4A8D-8965-12EB7C89C0A1}.Debug|x86.ActiveCfg = Debug|Win32
		{CD0D2F4C-A5FD-4A8D-8965-12EB7C89C0A1}.Debug|x86.Build.0 = Debug|Win32
		{CD0D2F4C-A5FD-4A8D-8965-12EB7C89C0A1}.Release|x64.ActiveCfg = Release|x64
		{CD0D2F4C-A5FD-4A8D-8965-12EB7C89C0A1}.Release|x64.Build.0 = Release|x64
		{CD0D2F4C-A5FD-4A8D-8965-12EB7C89C0A1}.Release|x86.ActiveCfg = Release|Win32
		{CD0D2F4C-A5FD-4A8D-8965-12EB7C89C0A1}.Release|x86.Build.0 = Release|Win32
		{24C3B031-A016-4538-AE94-E59EF5BCCEA0}.Debug|x64.ActiveCfg = Debug|x64
		{24C3B031-A016-4538-AE94-E59EF5BCCEA0}.Debug|x64.Build.0 = Debug|x64
		{24C3B031-A016-4538-AE94-E59EF5BCCEA0}.Debug|x86.ActiveCfg = Debug|Win32
		{24C3B031-A016-4538-AE94-E59EF5BCCEA0}.Debug|x86.Build.0 = Debug|Win32
		{24C3B031-A016-4538-AE94-E59EF5BCCEA0}.Release|x64.ActiveCfg = Release|x64
		{24C3B031-A016-4538-AE94-E59EF5BCCEA0}.Release|x64.Build.0 = Release|x64
		{24C3B031-A016-4538-AE94-E59EF5BCCEA0}.Release|x86.ActiveCfg = Release|Win32
		{24C3B031-A016-4538-AE94-E59EF5BCCEA0}.Release|x86.Build.0 = Release|Win32
		{4A2ECEF5-B3F7-441E-BD36-54A48495722B}.Debug|x64.ActiveCfg = Debug|x64
		{4A2ECEF5-B3F7-441E-BD36-54A48495722B}.Debug|x64.Build.0 = Debug|x64
		{4A2ECEF5-B3F7-441E-BD36-54A48495722B}.Debug|x86.ActiveCfg = Debug|Win32
		{4A2ECEF5-B3F7-441E-BD36-54A48495722B}.Debug|x86.Build.0 = Debug|Win32
		{4A2ECEF5-B3F7-441E-BD36-54A48495722B}.Release|x64.ActiveCfg = Release|x64
		{4A2ECEF5-B3F7-441E-BD36-54A48495722B}.Release|x64.Build.0 = Release|x64
		{4A2ECEF5-B3F7-441E-BD36-54A48495722B}.Release|x86.ActiveCfg = Release|Win32
		{4A2ECEF5-B3F7-441E-BD36-54A48495722B}.Release|x86.Build.0 = Release|Win32
		{2FD1E7B5-C0B2-4E64-B94E-1BDA25FFF6B2}.Debug|x64.ActiveCfg = Debug|x64
		{2FD1E7B5-C0B2-4E64-B94E-1BDA25FFF6B2}.Debug|x64.Build.0 = Debug|x64
		{2FD1E7B5-C0B2-4E64-B94E-1BDA25FFF6B2}.Debug|x86.ActiveCfg = Debug|Win32
		{2FD1E7B5-C0B2-4E64-B94E-1BDA25FFF6B2}.Debug|x86.Build.0 = Debug|Win32
		{2FD1E7B5-C0B2-4E64-B94E-1BDA25FFF6B2}.Release|x64.ActiveCfg = Release|x64
		{2FD1E7B5-C0B2-4E64-B94E-1BDA25FFF6B2}.Release|x64.Build.0 = Release|x64
		{2FD1E7B5-C0B2-4E64-B94E-1BDA25FFF6B2}.Release|x86.ActiveCfg = Release|Win32
		{2FD1E7B5-C0B2-4E64-B94E-1BDA25FFF6B2}.Release|x86.Build.0 = Release|Win32
		{5C4A28CD-7638-41DA-B776-9D09F9D5B5F9}.Debug|x64.ActiveCfg = Debug|x64
		{5C4A28CD-7638-41DA-B776-9D09F9D5B5F9}.Debug|x64.Build.0 = Debug|x64
		{5C4A28CD-7638-41DA-B776-9D09F9D5B5F9}.Debug|x86.ActiveCfg = Debug|Win32
		{5C4A28CD-7638-41DA-B776-9D09F9D5B5F9}.Debug|x86.Build.0 = Debug|Win32
		{5C4A28CD-7638-41DA-B776-9D09F9D5B5F9}.Release|x64.ActiveCfg = Release|x64
		{5C4A28CD-7638-41DA-B776-9D09F9D5B5F9}.Release|x64.Build.0 = Release|x64
		{5C4A28CD-7638-41DA-B776-9D09F9D5B5F9}.Release|x86.ActiveCfg = Release|Win32
		{5C4A28CD-7638-41DA-B776-9D09F9D5B5F9}.Release|x86.Build.0 = Release|Win32
		{900D86C5-56DE-429D-A099-E1766993129E}.Debug|x64.ActiveCfg = Debug|x64
		{900D86C5-56DE-429D-A099-E1766993129E}.Debug|x64.Build.0 = Debug|x64
		{900D86C5-56DE-429D-A099-E1766993129E}.Debug|x86.ActiveCfg = Debug|Win32
		{900D86C5-56DE-429D-A099-E1766993129E}.Debug|x86.Build.0 = Debug|Win32
		{900D86C5-56DE-429D-A099-E1766993129E}.Release|x64.ActiveCfg = Release|x64
		{900D86C5-56DE-429D-A099-E1766993129E}.Release|x64.Build.0 = Release|x64
		{900D86C5-56DE-429D-A099-E1766993129E}.Release|x86.ActiveCfg = Release|Win32
		{900D86C5-56DE-429D-A099-E1766993129E}.Release|x86.Build.0 = Release|Win32
		{D90EBCB1-9A30-4053-8581-AA1B80FBFA5D}.Debug|x64.ActiveCfg = Debug|x64
		{D90EBCB1-9A30-4053-8581-AA1B80FBFA5D}.Debug|x64.Build.0 = Debug|x64
		{D90EBCB1-9A30-4053-8581-AA1B80FBFA5D}.Debug|x86.ActiveCfg = Debug|Win32
		{D90EBCB1-9A30-4053-8581-AA1B80FBFA5D}.Debug|x86.Build.0 = Debug|Win32
		{D90EBCB1-9A30-4053-8581-AA1B80FBFA5D}.Release|x64.ActiveCfg = Release|x64
		{D90EBCB1-9A30-4053-8581-AA1B80FBFA5D}.Release|x64.Build.0 = Release|x64
		{D90EBCB1-9A30-4053-8581-AA1B80FBFA5D}.Release|x86.ActiveCfg = Release|Win32
		{D90EBCB1-9A30-4053-8581-AA1B80FBFA5D}.Release|x86.Build.0 = Release|Win32
		{4923D44A-BB55-43BB-AE72-B6BE6BD19E5A}.Debug|x64.ActiveCfg = Debug|x64
		{4923D44A-BB55-43BB-AE72-B6BE6BD19E5A}.Debug|x64.Build.0 = Debug|x64
		{4923D44A-BB55-43BB-AE72-B6BE6BD19E5A}.Debug|x86.ActiveCfg = Debug|Win32
		{4923D44A-BB55-43BB-AE72-B6BE6BD19E5A}.Debug|x86.Build.0 = Debug|Win32
		{4923D44A-BB55-43BB-AE72-B6BE6BD19E5A}.Release|x64.ActiveCfg = Release|x64
		{4923D44A-BB55-43BB-AE72-B6BE6BD19E5A}.Release|x64.Build.0 = Release|x64
		{4923D44A-BB55-43BB-AE72-B6BE6BD19E5A}.Release|x86.ActiveCfg = Release|Win32
		{4923D44A-BB55-43BB-AE72-B6BE6BD19E5A}.Release|x86.Build.0 = Release|Win32
		{26BBFBF4-DF33-4034-89C8-36ACEE8475AA}.Debug|x64.ActiveCfg = Debug|x64
		{26BBFBF4-DF33-4034-89C8-36ACEE8475AA}.Debug|x64.Build.0 = Debug|x64
		{26BBFBF4-DF33-4034-89C8-36ACEE8475AA}.Debug|x86.ActiveCfg = Debug|Win32
		{26BBFBF4-DF33-4034-89C8-36ACEE8475AA}.Debug|x86.Build.0 = Debug|Win32
		{26BBFBF4-DF33-4034-89C8-36ACEE8475AA}.Release|x64.ActiveCfg = Release|x64
		{26BBFBF4-DF33-4034-89C8-36ACEE8475AA}.Release|x64.Build.0 = Release|x64
		{26BBFBF4-DF33-4034-89C8-36ACEE8475AA}.Release|x86.ActiveCfg = Release|Win32
		{26BBFBF4-DF33-4034-89C8-36ACEE8475AA}.Release|x86.Build.0 = Release|Win32
		{B05776A5-2444-40A3-90EB-DE79DE8AE093}.Debug|x64.ActiveCfg = Debug|x64
		{B05776A5-2444-40A3-90EB-DE79DE8AE093}.Debug|x64.Build.0 = Debug|x64
		{B05776A5-2444-40A3-90EB-DE79DE8AE093}.Debug|x86.ActiveCfg = Debug|Win32
		{B05776A5-2444-40A3-90EB-DE79DE8AE093}.Debug|x86.Build.0 = Debug|Win32
		{B05776A5-2444-40A3-90EB-DE79DE8AE093}.Release|x64.ActiveCfg = Release|x64
		{B05776A5-2444-40A3-90EB-DE79DE8AE093}.Release|x64.Build.0 = Release|x64
		{B05776A5-2444-40A3-90EB-DE79DE8AE093}.Release|x86.ActiveCfg = Release|Win32
		{B05776A5-2444-40A3-90EB-DE79DE8AE093}.Release|x86.Build.0 = Release|Win32
		{682C06F7-7272-43F7-BB9F-7B407785C1D9}.Debug|x64.ActiveCfg = Debug|x64
		{682C06F7-7272-43F7-BB9F-7B407785C1D9}.Debug|x64.Build.0 = Debug|x64
		{682C06F7-7272-43F7-BB9F-7B407785C1D9}.Debug|x86.ActiveCfg = Debug|Win32
		{682C06F7-7272-43F7-BB9F-7B407785C1D9}.Debug|x86.Build.0 = Debug|Win32
		{682C06F7-7272-43F7-BB9F-7B407785C1D9}.Release|x64.ActiveCfg = Release|x64
		{682C06F7-7272-43F7-BB9F-7B407785C1D9}.Release|x64.Build.0 = Release|x64
		{682C06F7-7272-43F7-BB9F-7B407785C1D9}.Release|x86.ActiveCfg = Release|Win32
		{682C06F7-7272-43F7-BB9F-7B407785C1D9}.Release|x86.Build.0 = Release|Win32
		{B96B7809-DEAD-4366-B331-12BA2920A818}.Debug|x64.ActiveCfg = Debug|x64
		{B96B7809-DEAD-4366-B331-12BA2920A818}.Debug|x64.Build.0 = Debug|x64
		{B96B7809-DEAD-4366-B331-12BA2920A818}.Debug|x86.ActiveCfg = Debug|Win32
		{B96B7809-DEAD-4366-B331-12BA2920A818}.Debug|x86.Build.0 = Debug|Win32
		{B96B7809-DEAD-4366-B331-12BA2920A818}.Release|x64.ActiveCfg = Release|x64
		{B96B7809-DEAD-4366-B331-12BA2920A818}.Release|x64.Build.0 = Release|x64
		{B96B7809-DEAD-4366-B331-12BA2920A818}.Release|x86.ActiveCfg = Release|Win32
		{B96B7809-DEAD-4366-B331-12BA2920A818}.Release|x86.Build.0 = Release|Win32
		{05D2B84D-D503-4568-AE8C-404089EBC743}.Debug|x64.ActiveCfg = Debug|x64
		{05D2B84D-D503-4568-AE8C-404089EBC743}.Debug|x64.Build.0 = Debug|x64
		{05D2B84D-D503-4568-AE8C-404089EBC743}.Debug|x86.ActiveCfg = Debug|Win32
		{05D2B84D-D503-4568-AE8C-404089EBC743}.Debug|x86.Build.0 = Debug|Win32
		{05D2B84D-D503-4568-AE8C-404089EBC743}.Release|x64.ActiveCfg = Release|x64
		{05D2B84D-D503-4568-AE8C-404089EBC743}.Release|x64.Build.0 = Release|x64
		{05D2B84D-D503-4568-AE8C-404089EBC743}.Release|x86.ActiveCfg = Release|Win32
		{05D2B84D-D503-4568-AE8C-404089EBC743}.Release|x86.Build.0 = Release|Win32
		{53B8841E-EF9D-4865-8DD2-4EA4C89DE7F2}.Debug|x64.ActiveCfg = Debug|x64
		{53B8841E-EF9D-4865-8DD2-4EA4C89DE7F2}.Debug|x64.Build.0 = Debug|x64
		{53B8841E-EF9D-4865-8DD2-4EA4C89DE7F2}.Debug|x86.ActiveCfg = Debug|Win32
		{53B8841E-EF9D-4865-8DD2-4EA4C89DE7F2}.Debug|x86.Build.0 = Debug|Win32
		{53B8841E-EF9D-4865-8DD2-4EA4C89DE7F2}.Release|x64.ActiveCfg = Release|x64
		{53B8841E-EF9D-4865-8DD2-4EA4C89DE7F2}.Release|x64.Build.0 = Release|x64
		{53B8841E-EF9D-4865-8DD2-4EA4C89DE7F2}.Release|x86.ActiveCfg = Release|Win32
		{53B8841E-EF9D-4865-8DD2-4EA4C89DE7F2}.Release|x86.Build.0 = Release|Win32
		{1E4248D6-48F4-4D75-816F-6EA0AA8F19F4}.Debug|x64.ActiveCfg = Debug|x64
		{1E4248D6-48F4-4D75-816F-6EA0AA8F19F4}.Debug|x64.Build.0 = Debug|x64
		{1E4248D6-48F4-4D75-816F-6EA0AA8F19F4}.Debug|x86.ActiveCfg = Debug|Win32
		{1E4248D6-48F4-4D75-816F-6EA0AA8F19F4}.Debug|x86.Build.0 = Debug|Win32
		{1E4248D6-48F4-4D75-816F-6EA0AA8F19F4}.Release|x64.ActiveCfg = Release|x64
		{1E4248D6-48F4-4D75-816F-6EA0AA8F19F4}.Release|x64.Build.0 = Release|x64
		{1E4248D6-48F4-4D75-816F-6EA0AA8F19F4}.Release|x86.ActiveCfg = Release|Win32
		{1E4248D6-48F4-4D75-816F-6EA0AA8F19F4}.Release|x86.Build.0 = Release|Win32
		{7AACA2C5-2A09-48A2-9D0C-77296CD00D7B}.Debug|x64.ActiveCfg = Debug|x64
		{7AACA2C5-2A09-48A2-9D0C-77296CD00D7B}.Debug|x64.Build.0 = Debug|x64
		{7AACA2C5-2A09-48A2-9D0C-77296CD00D7B}.Debug|x86.ActiveCfg = Debug|Win32
		{7AACA2C5-2A09-48A2-9D0C-77296CD00D7B}.Debug|x86.Build.0 = Debug|Win32
		{7AACA2C5-2A09-48A2-9D0C-77296CD00D7B}.Release|x64.ActiveCfg = Release|x64
		{7AACA2C5-2A09-48A2-9D0C-77296CD00D7B}.Release|x64.Build.0 = Release|x64
		{7AACA2C5-2A09-48A2-9D0C-77296CD00D7B}.Release|x86.ActiveCfg = Release|Win32
		{7AACA2C5-2A09-48A2-9D0C-77296CD00D7B}.Release|x86.Build.0 = Release|Win32
		{93BA88A5-64E2-4711-8030-642B1B33C7DC}.Debug|x64.ActiveCfg = Debug|x64
		{93BA88A5-64E2-4711-8030-642B1B33C7DC}.Debug|x64.Build.0 = Debug|x64
		{93BA88A5-64E2-4711-8030-642B1B33C7DC}.Debug|x86.ActiveCfg = Debug|Win32
		{93BA88A5-64E2-4711-8030-642B1B33C7DC}.Debug|x86.Build.0 = Debug|Win32
		{93BA88A5-64E2-4711-8030-642B1B33C7DC}.Release|x64.ActiveCfg = Release|x64
		{93BA88A5-64E2-4711-8030-642B1B33C7DC}.Release|x64.Build.0 = Release|x64
		{93BA88A5-64E2-4711-8030-642B1B33C7DC}.Release|x86.ActiveCfg = Release|Win32
		{93BA88A5-64E2-4711-8030-642B1B33C7DC}.Release|x86.Build.0 = Release|Win32
		{126E8F24-DE1E-422C-9583-6F165C641464}.Debug|x64.ActiveCfg = Debug|x64
		{126E8F24-DE1E-422C-9583-6F165C641464}.Debug|x64.Build.0 = Debug|x64
		{126E8F24-DE1E-422C-9583-6F165C641464}.Debug|x86.ActiveCfg = Debug|Win32
		{126E8F24-DE1E-422C-9583-6F165C641464}.Debug|x86.Build.0 = Debug|Win32
		{126E8F24-DE1E-422C-9583-6F165C641464}.Release|x64.ActiveCfg = Release|x64
		{126E8F24-DE1E-422C-9583-6F165C641464}.Release|x64.Build.0 = Release|x64
		{126E8F24-DE1E-422C-9583-6F165C641464}.Release|x86.ActiveCfg = Release|Win32
		{126E8F24-DE1E-422C-9583-6F165C641464}.Release|x86.Build.0 = Release|Win32
		{541F39CA-0F60-4CEF-B16A-9DA618208AF1}.Debug|x64.ActiveCfg = Debug|x64
		{541F39CA-0F60-4CEF-B16A-9DA618208AF1}.Debug|x64.Build.0 = Debug|x64
		{541F39CA-0F60-4CEF-B16A-9DA618208AF1}.Debug|x86.ActiveCfg = Debug|Win32
		{541F39CA-0F60-4CEF-B16A-9DA618208AF1}.Debug|x86.Build.0 = Debug|Win32
		{541F39CA-0F60-4CEF-B16A-9DA618208AF1}.Release|x64.ActiveCfg = Release|x64
		{541F39CA-0F60-4CEF-B16A-9DA618208AF1}.Release|x64.Build.0 = Release|x64
		{541F39CA-0F60-4CEF-B16A-9DA618208AF1}.Release|x86.ActiveCfg = Release|Win32
		{541F39CA-0F60-4CEF-B16A-9DA618208AF1}.Release|x86.Build.0 = Release|Win32
		{A2B1E643-9866-46F9-8FB0-8F30E1EB9499}.Debug|x64.ActiveCfg = Debug|x64
		{A2B1E643-9866-46F9-8FB0-8F30E1EB9499}.Debug|x64.Build.0 = Debug|x64
		{A2B1E643-9866-46F9-8FB0-8F30E1EB9499}.Debug|x86.ActiveCfg = Debug|Win32
		{A2B1E643-9866-46F9-8FB0-8F30E1EB9499}.Debug|x86.Build.0 = Debug|Win32
		{A2B1E643-9866-46F9-8FB0-8F30E1EB9499}.Release|x64.ActiveCfg = Release|x64
		{A2B1E643-9866-46F9-8FB0-8F30E1EB9499}.Release|x64.Build.0 = Release|x64
		{A2B1E643-9866-46F9-8FB0-8F30E1EB9499}.Release|x86.ActiveCfg = Release|Win32
		{A2B1E643-9866-46F9-8FB0-8F30E1EB9499}.Release|x86.Build.0 = Release|Win32
		{1D01E0A6-66D2-44A2-BC0A-672A29268AE3}.Debug|x64.ActiveCfg = Debug|x64
		{1D01E0A6-66D2-44A2-BC0A-672A29268AE3}.Debug|x64.Build.0 = Debug|x64
		{1D01E0A6-66D2-44A2-BC0A-672A29268AE3}.Debug|x86.ActiveCfg = Debug|Win32
		{1D01E0A6-66D2-44A2-BC0A-672A29268AE3}.Debug|x86.Build.0 = Debug|Win32
		{1D01E0A6-66D2-44A2-BC0A-672A29268AE3}.Release|x64.ActiveCfg = Release|x64
		{1D01E0A6-66D2-44A2-BC0A-672A29268AE3}.Release|x64.Build.0 = Release|x64
		{1D01E0A6-66D2-44A2-BC0A-672A29268AE3}.Release|x86.ActiveCfg = Release|Win32
		{1D01E0A6-66D2-44A2-BC0A-672A29268AE3}.Release|x86.Build.0 = Release|Win32
		{C9558F83-305A-4D65-BAE4-27C5CAF1824F}.Debug|x64.ActiveCfg = Debug|x64
		{C9558F83-305A-4D65-BAE4-27C5CAF1824F}.Debug|x64.Build.0 = Debug|x64
		{C9558F83-305A-4D65-BAE4-27C5CAF1824F}.Debug|x86.ActiveCfg = Debug|Win32
		{C9558F83-305A-4D65-BAE4-27C5CAF1824F}.Debug|x86.Build.0 = Debug|Win32
		{C9558F83-305A-4D65-BAE4-27C5CAF1824F}.Release|x64.ActiveCfg = Release|x64
		{C9558F83-305A-4D65-BAE4-27C5CAF1824F}.Release|x64.Build.0 = Release|x64
		{C9558F83-305A-4D65-BAE4-27C5CAF1824F}.Release|x86.ActiveCfg = Release|Win32
		{C9558F83-305A-4D65-BAE4-27C5CAF1824F}.Release|x86.Build.0 = Release|Win32
		{1C10CC4E-1AAB-4213-8F55-D42D7B13ED28}.Debug|x64.ActiveCfg = Debug|x64
		{1C10CC4E-1AAB-4213-8F55-D42D7B13ED28}.Debug|x64.Build.0 = Debug|x64
		{1C10CC4E-1AAB-4213-8F55-D42D7B13ED28}.Debug|x86.ActiveCfg = Debug|Win32
		{1C10CC4E-1AAB-4213-8F55-D42D7B13ED28}.Debug|x86.Build.0 = Debug|Win32
		{1C10CC4E-1AAB-4213-8F55-D42D7B13ED28}.Release|x64.ActiveCfg = Release|x64
		{1C10CC4E-1AAB-4213-8F55-D42D7B13ED28}.Release|x64.Build.0 = Release|x64
		{1C10CC4E-1AAB-4213-8F55-D42D7B13ED28}.Release|x86.ActiveCfg = Release|Win32
		{1C10CC4E-1AAB-4213-8F55-D42D7B13ED28}.Release|x86.Build.0 = Release|Win32
		{547962FE-09F7-45DB-AB1C-18CA44EAD0CC}.Debug|x64.ActiveCfg = Debug|x64
		{547962FE-09F7-45DB-AB1C-18CA44EAD0CC}.Debug|x64.Build.0 = Debug|x64
		{547962FE-09F7-45DB-AB1C-18CA44EAD0CC}.Debug|x86.ActiveCfg = Debug|Win32
		{547962FE-09F7-45DB-AB1C-18CA44EAD0CC}.Debug|x86.Build.0 = Debug|Win32
		{547962FE-09F7-45DB-AB1C-18CA44EAD0CC}.Release|x64.ActiveCfg = Release|x64
		{547962FE-09F7-45DB-AB1C-18CA44EAD0CC}.Release|x64.Build.0 = Release|x64
		{547962FE-09F7-45DB-AB1C-18CA44EAD0CC}.Release|x86.ActiveCfg = Release|Win32
		{547962FE-09F7-45DB-AB1C-18CA44EAD0CC}.Release|x86.Build.0 = Release|Win32
		{E6AE9C4A-8809-45C9-A66B-69E53B828536}.Debug|x64.ActiveCfg = Debug|x64
		{E6AE9C4A-8809-45C9-A66B-69E53B828536}.Debug|x64.Build.0 = Debug|x64
		{E6AE9C4A-8809-45C9-A66B-69E53B828536}.Debug|x86.ActiveCfg = Debug|Win32
		{E6AE9C4A-8809-45C9-A66B-69E53B828536}.Debug|x86.Build.0 = Debug|Win32
		{E6AE9C4A-8809-45C9-A66B-69E53B828536}.Release|x64.ActiveCfg = Release|x64
		{E6AE9C4A-8809-45C9-A66B-69E53B828536}.Release|x64.Build.0 = Release|x64
		{E6AE9C4A-8809-45C9-A66B-69E53B828536}.Release|x86.ActiveCfg = Release|Win32
		{E6AE9C4A-8809-45C9-A66B-69E53B828536}.Release|x86.Build.0 = Release|Win32
		{C0360C86-1FA6-4430-9A3B-5254FFAEB934}.Debug|x64.ActiveCfg = Debug|x64
		{C0360C86-1FA6-4430-9A3B-5254FFAEB934}.Debug|x64.Build.0 = Debug|x64
		{C0360C86-1FA6-4430-9A3B-5254FFAEB934}.Debug|x86.ActiveCfg = Debug|Win32
		{C0360C86-1FA6-4430-9A3B-5254FFAEB934}.Debug|x86.Build.0 = Debug|Win32
		{C0360C86-1FA6-4430-9A3B-5254FFAEB934}.Release|x64.ActiveCfg = Release|x64
		{C0360C86-1FA6-4430-9A3B-5254FFAEB934}.Release|x64.Build.0 = Release|x64
		{C0360C86-1FA6-4430-9A3B-5254FFAEB934}.Release|x86.ActiveCfg = Release|Win32
		{C0360C86-1FA6-4430-9A3B-5254FFAEB934}.Release|x86.Build.0 = Release|Win32
		{BE8FD03D-555C-476E-B301-5B3BD63F0038}.Debug|x64.ActiveCfg = Debug|x64
		{BE8FD03D-555C-476E-B301-5B3BD63F0038}.Debug|x64.Build.0 = Debug|x64
		{BE8FD03D-555C-476E-B301-5B3BD63F0038}.Debug|x86.ActiveCfg = Debug|Win32
		{BE8FD03D-555C-476E-B301-5B3BD63F0038}.Debug|x86.Build.0 = Debug|Win32
		{BE8FD03D-555C-476E-B301-5B3BD63F0038}.Release|x64.ActiveCfg = Release|x64
		{BE8FD03D-555C-476E-B301-5B3BD63F0038}.Release|x64.Build.0 = Release|x64
		{BE8FD03D-555C-476E-B301-5B3BD63F0038}.Release|x86.ActiveCfg = Release|Win32
		{BE8FD03D-555C-476E-B301-5B3BD63F0038}.Release|x86.Build.0 = Release|Win32
		{CFFF5B83-0A27-4845-967C-DC0ECCBC292D}.Debug|x64.ActiveCfg = Debug|x64
		{CFFF5B83-0A27-4845-967C-DC0ECCBC292D}.Debug|x64.Build.0 = Debug|x64
		{CFFF5B83-0A27-4845-967C-DC0ECCBC292D}.Debug|x86.ActiveCfg = Debug|Win32
		{CFFF5B83-0A27-4845-967C-DC0ECCBC292D}.Debug|x86.Build.0 = Debug|Win32
		{CFFF5B83-0A27-4845-967C-DC0ECCBC292D}.Release|x64.ActiveCfg = Release|x64
		{CFFF5B83-0A27-4845-967C-DC0ECCBC292D}.Release|x64.Build.0 = Release|x64
		{CFFF5B83-0A27-4845-967C-DC0ECCBC292D}.Release|x86.ActiveCfg = Release|Win32
		{CFFF5B83-0A27-4845-967C-DC0ECCBC292D}.Release|x86.Build.0 = Release|Win32
		{748D463D-B9C2-4AE8-AF4D-701F69E120C5}.Debug|x64.ActiveCfg = Debug|x64
		{748D463D-B9C2-4AE8-AF4D-701F69E120C5}.Debug|x64.Build.0 = Debug|x64
		{748D463D-B9C2-4AE8-AF4D-701F69E120C5}.Debug|x86.ActiveCfg = Debug|Win32
		{748D463D-B9C2-4AE8-AF4D-701F69E120C5}.Debug|x86.Build.0 = Debug|Win32
		{748D463D-B9C2-4AE8-AF4D-701F69E120C5}.Release|x64.ActiveCfg = Release|x64
		{748D463D-B9C2-4AE8-AF4D-701F69E120C5}.Release|x64.Build.0 = Release|x64
		{748D463D-B9C2-4AE8-AF4D-701F69E120C5}.Release|x86.ActiveCfg = Release|Win32
		{748D463D-B9C2-4AE8-AF4D-701F69E120C5}.Release|x86.Build.0 = Release|Win32
		{26067F02-D06D-4F64-BA0D-3D4BD5C641F8}.Debug|x64.ActiveCfg = Debug|x64
		{26067F02-D06D-4F64-BA0D-3D4BD5C641F8}.Debug|x64.Build.0 = Debug|x64
		{26067F02-D06D-4F64-BA0D-3D4BD5C641F8}.Debug|x86.ActiveCfg = Debug|Win32
		{26067F02-D06D-4F64-BA0D-3D4BD5C641F8}.Debug|x86.Build.0 = Debug|Win32
		{26067F02-D06D-4F64-BA0D-3D4BD5C641F8}.Release|x64.ActiveCfg = Release|x64
		{26067F02-D06D-4F64-BA0D-3D4BD5C641F8}.Release|x64.Build.0 = Release|x64
		{26067F02-D06D-4F64-BA0D-3D4BD5C641F8}.Release|x86.ActiveCfg = Release|Win32
		{26067F02-D06D-4F64-BA0D-3D4BD5C641F8}.Release|x86.Build.0 = Release|Win32
		{7DB9EBC3-667B-4A05-8B1D-6F89BC0F4921}.Debug|x64.ActiveCfg = Debug|x64
		{7DB9EBC3-667B-4A05-8B1D-6F89BC0F4921}.Debug|x64.Build.0 = Debug|x64
		{7DB9EBC3-667B-4A05-8B1D-6F89BC0F4921}.Debug|x86.ActiveCfg = Debug|Win32
		{7DB9EBC3-667B-4A05-8B1D-6F89BC0F4921}.Debug|x86.Build.0 = Debug|Win32
		{7DB9EBC3-667B-4A05-8B1D-6F89BC0F4921}.Release|x64.ActiveCfg = Release|x64
		{7DB9EBC3-667B-4A05-8B1D-6F89BC0F4921}.Release|x64.Build.0 = Release|x64
		{7DB9EBC3-667B-4A05-8B1D-6F89BC0F4921}.Release|x86.ActiveCfg = Release|Win32
		{7DB9EBC3-667B-4A05-8B1D-6F89BC0F4921}.Release|x86.Build.0 = Release|Win32
		{B8D7AD29-9766-4D75-A5C4-5E9A8B4DCA54}.Debug|x64.ActiveCfg = Debug|x64
		{B8D7AD29-9766-4D75-A5C4-5E9A8B4DCA54}.Debug|x64.Build.0 = Debug|x64
		{B8D7AD29-9766-4D75-A5C4-5E9A8B4DCA54}.Debug|x86.ActiveCfg = Debug|Win32
		{B8D7AD29-9766-4D75-A5C4-5E9A8B4DCA54}.Debug|x86.Build.0 = Debug|Win32
		{B8D7AD29-9766-4D75-A5C4-5E9A8B4DCA54}.Release|x64.ActiveCfg = Release|x64
		{B8D7AD29-9766-4D75-A5C4-5E9A8B4DCA54}.Release|x64.Build.0 = Release|x64
		{B8D7AD29-9766-4D75-A5C4-5E9A8B4DCA54}.Release|x86.ActiveCfg = Release|Win32
		{B8D7AD29-9766-4D75-A5C4-5E9A8B4DCA54}.Release|x86.Build.0 = Release|Win32
		{9FD40110-206F-45BD-8DE9-E0FD40377920}.Debug|x64.ActiveCfg = Debug|x64
		{9FD40110-206F-45BD-8DE9-E0FD40377920}.Debug|x64.Build.0 = Debug|x64
		{9FD40110-206F-45BD-8DE9-E0FD40377920}.Debug|x86.ActiveCfg = Debug|Win32
		{9FD40110-206F-45BD-8DE9-E0FD40377920}.Debug|x86.Build.0 = Debug|Win32
		{9FD40110-206F-45BD-8DE9-E0FD40377920}.Release|x64.ActiveCfg = Release|x64
		{9FD40110-206F-45BD-8DE9-E0FD40377920}.Release|x64.Build.0 = Release|x64
		{9FD40110-206F-45BD-8DE9-E0FD40377920}.Release|x86.ActiveCfg = Release|Win32
		{9FD40110-206F-45BD-8DE9-E0FD40377920}.Release|x86.Build.0 = Release|Win32
		{E96769F3-3EA9-4784-98F1-B4D1DB61006F}.Debug|x64.ActiveCfg = Debug|x64
		{E96769F3-3EA9-4784-98F1-B4D1DB61006F}.Debug|x64.Build.0 = Debug|x64
		{E96769F3-3EA9-4784-98F1-B4D1DB61006F}.Debug|x86.ActiveCfg = Debug|Win32
		{E96769F3-3EA9-4784-98F1-B4D1DB61006F}.Debug|x86.Build.0 = Debug|Win32
		{E96769F3-3EA9-4784-98F1-B4D1DB61006F}.Release|x64.ActiveCfg = Release|x64
		{E96769F3-3EA9-4784-98F1-B4D1DB61006F}.Release|x64.Build.0 = Release|x64
		{E96769F3-3EA9-4784-98F1-B4D1DB61006F}.Release|x86.ActiveCfg = Release|Win32
		{E96769F3-3EA9-4784-98F1-B4D1DB61006F}.Release|x86.Build.0 = Release|Win32
		{4655ADB6-8E2D-4A20-876F-D476B5700C4E}.Debug|x64.ActiveCfg = Debug|x64
		{4655ADB6-8E2D-4A20-876F-D476B5700C4E}.Debug|x64.Build.0 = Debug|x64
		{4655ADB6-8E2D-4A20-876F-D476B5700C4E}.Debug|x86.ActiveCfg = Debug|Win32
		{4655ADB6-8E2D-4A20-876F-D476B5700C4E}.Debug|x86.Build.0 = Debug|Win32
		{4655ADB6-8E2D-4A20-876F-D476B5700C4E}.Release|x64.ActiveCfg = Release|x64
		{4655ADB6-8E2D-4A20-876F-D476B5700C4E}.Release|x64.Build.0 = Release|x64
		{4655ADB6-8E2D-4A20-876F-D476B5700C4E}.Release|x86.ActiveCfg = Release|Win32
		{4655ADB6-8E2D-4A20-876F-D476B5700C4E}.Release|x86.Build.0 = Release|Win32
	EndGlobalSection
	GlobalSection(SolutionProperties) = preSolution
		HideSolutionNode = FALSE
	EndGlobalSection
	GlobalSection(ExtensibilityGlobals) = postSolution
		SolutionGuid = {FD06F3ED-17AE-4128-805C-10016A528FD1}
	EndGlobalSection
EndGlobal
