
Microsoft Visual Studio Solution File, Format Version 12.00
# Visual Studio Version 17
VisualStudioVersion = 17.4.33213.308
MinimumVisualStudioVersion = 10.0.40219.1
Project("{8BC9CEB8-8B4A-11D0-8D11-00A0C91BC942}") = "011rectangle", "11rectangle\11rectangle.vcxproj", "{F17D71D9-0076-4FEE-A30C-7097C5C7453A}"
EndProject
Project("{8BC9CEB8-8B4A-11D0-8D11-00A0C91BC942}") = "01variablesanddata", "1variablesanddata\1variablesanddata.vcxproj", "{9CA82FEC-E4B0-4EA9-A788-4AA656C72417}"
EndProject
Project("{8BC9CEB8-8B4A-11D0-8D11-00A0C91BC942}") = "02logic", "2logic\2logic.vcxproj", "{E12F47D3-80E3-4845-AD87-725AB75695F1}"
EndProject
Project("{8BC9CEB8-8B4A-11D0-8D11-00A0C91BC942}") = "3loops", "3loops\3loops.vcxproj", "{E17BF5CC-5F41-45DB-83D5-E149907D0951}"
EndProject
Project("{8BC9CEB8-8B4A-11D0-8D11-00A0C91BC942}") = "4_1functionsandheader", "41functionsandheader\41functionsandheader.vcxproj", "{D8E1CE41-A94A-42CD-BD62-EE632771A096}"
EndProject
Project("{8BC9CEB8-8B4A-11D0-8D11-00A0C91BC942}") = "4_2functionsandheaders", "42functionsandheaders\42functionsandheaders.vcxproj", "{01536540-A95D-4698-A127-469099CB4226}"
EndProject
Project("{8BC9CEB8-8B4A-11D0-8D11-00A0C91BC942}") = "5simplepointer", "5simplepointer\5simplepointer.vcxproj", "{EEE7C3A6-7D5A-446B-B8EE-A6F990766CF3}"
EndProject
Project("{8BC9CEB8-8B4A-11D0-8D11-00A0C91BC942}") = "7arrays", "7arrays\7arrays.vcxproj", "{28C2B135-CE7E-4F48-B9F5-1AC1A9F45135}"
EndProject
Project("{8BC9CEB8-8B4A-11D0-8D11-00A0C91BC942}") = "8pointersarray", "8pointersarray\8pointersarray.vcxproj", "{704BDB1A-72AF-4E8E-A21C-7E1DF2C8D88D}"
EndProject
Project("{8BC9CEB8-8B4A-11D0-8D11-00A0C91BC942}") = "9Strings", "9Strings\9Strings.vcxproj", "{0B184A62-A28C-425F-AFA1-2A05A6F7E983}"
EndProject
Project("{8BC9CEB8-8B4A-11D0-8D11-00A0C91BC942}") = "10structsandtypedeff", "10structsandtypedeff\10structsandtypedeff.vcxproj", "{43B096FD-DD55-4809-A461-653ABA8F4076}"
EndProject
Project("{8BC9CEB8-8B4A-11D0-8D11-00A0C91BC942}") = "11readandwritefiles", "11readandwritefiles\11readandwritefiles.vcxproj", "{5237B1F0-94B4-42C3-9BBD-476E5EFFF22C}"
EndProject
Project("{8BC9CEB8-8B4A-11D0-8D11-00A0C91BC942}") = "12advancedtechniques", "12advancedtechniques\12advancedtechniques.vcxproj", "{C3431122-58BC-441C-99A0-902C5FD4B0B6}"
EndProject
Project("{8BC9CEB8-8B4A-11D0-8D11-00A0C91BC942}") = "13vector", "13vector\13vector.vcxproj", "{912A01A5-5DC5-42B9-BB34-30A5EC1F9CB8}"
EndProject
Project("{8BC9CEB8-8B4A-11D0-8D11-00A0C91BC942}") = "14_1singlelinkedlist", "14_1singlelinkedlist\14_1singlelinkedlist.vcxproj", "{F168B701-64BF-42F7-92DC-ED916E138458}"
EndProject
Project("{8BC9CEB8-8B4A-11D0-8D11-00A0C91BC942}") = "15innerandouterfunctions", "15innerandouterfunctions\15innerandouterfunctions.vcxproj", "{CB07AD80-C12F-493C-9A3C-611B7B49EE44}"
EndProject
Project("{8BC9CEB8-8B4A-11D0-8D11-00A0C91BC942}") = "16csvreader", "16csvreader\16csvreader.vcxproj", "{8C8158E9-7EE7-4B53-AC61-13E1857CAFC1}"
EndProject
Project("{8BC9CEB8-8B4A-11D0-8D11-00A0C91BC942}") = "17morearrays", "17morearrays\17morearrays.vcxproj", "{74564285-5C0E-4683-9FA8-194E21F04E99}"
EndProject
Project("{8BC9CEB8-8B4A-11D0-8D11-00A0C91BC942}") = "18_setting_and_reading_bits", "18_setting_and_reading_bits\18_setting_and_reading_bits.vcxproj", "{9BDF241E-51C3-4800-B6BD-2062E1F80846}"
EndProject
Project("{8BC9CEB8-8B4A-11D0-8D11-00A0C91BC942}") = "19_using_bit_fields_to_pack", "19_using_bit_fields_to_pack\19_using_bit_fields_to_pack.vcxproj", "{4634B717-3DDB-4BDB-BD05-7D24849E16DB}"
EndProject
Project("{8BC9CEB8-8B4A-11D0-8D11-00A0C91BC942}") = "21_binary_numbers_and_bits", "21_binary_numbers_and_bits\21_binary_numbers_and_bits.vcxproj", "{C75E6760-8A15-411D-A681-74AD00AE906E}"
EndProject
Project("{8BC9CEB8-8B4A-11D0-8D11-00A0C91BC942}") = "22_linked_lists", "22_linked_lists\22_linked_lists.vcxproj", "{75C916A9-F9BC-4D49-A5FA-6CC360D79A00}"
EndProject
Project("{8BC9CEB8-8B4A-11D0-8D11-00A0C91BC942}") = "47_searching_and_hashing", "47_searching_and_hashing\47_searching_and_hashing.vcxproj", "{7E7C5248-044E-4C20-8C79-6076EEA44665}"
EndProject
Project("{8BC9CEB8-8B4A-11D0-8D11-00A0C91BC942}") = "46_algorithms_with_recursions", "46_algorithms_with_recursions\46_algorithms_with_recursions.vcxproj", "{75F971C1-B593-425C-86EA-12FF00D90188}"
EndProject
Project("{8BC9CEB8-8B4A-11D0-8D11-00A0C91BC942}") = "45_linked_lists", "45_linked_lists\45_linked_lists.vcxproj", "{FAB1572D-39FD-4918-BA77-7F83BFD83294}"
EndProject
Project("{8BC9CEB8-8B4A-11D0-8D11-00A0C91BC942}") = "44_sorting_algorithm", "44_sorting_algorithm\44_sorting_algorithm.vcxproj", "{65BEB071-6BF1-41D1-888A-EF9BDFA8B9F1}"
EndProject
Project("{8BC9CEB8-8B4A-11D0-8D11-00A0C91BC942}") = "43_trees", "43_trees\43_trees.vcxproj", "{5E29BF81-B357-428A-8A61-DBD2CF1E0A30}"
EndProject
Project("{8BC9CEB8-8B4A-11D0-8D11-00A0C91BC942}") = "42_stack_and_queue", "42_stack_and_queue\42_stack_and_queue.vcxproj", "{D3A44F61-7703-421F-96CF-175EE3FAE72F}"
EndProject
Project("{8BC9CEB8-8B4A-11D0-8D11-00A0C91BC942}") = "41_static_library", "41_static_library\41_static_library.vcxproj", "{D3C061D2-AFFF-4C15-AE3C-C92DFEA99FB8}"
EndProject
Project("{8BC9CEB8-8B4A-11D0-8D11-00A0C91BC942}") = "23_recursion", "23_recursion\23_recursion.vcxproj", "{C68A513D-0F8C-4811-A3BF-D3343FF94E13}"
EndProject
Project("{8BC9CEB8-8B4A-11D0-8D11-00A0C91BC942}") = "24_useful_c_libraries", "24_useful_c_libraries\24_useful_c_libraries.vcxproj", "{4B21E8F1-92D1-48F7-A505-8768040EAA82}"
EndProject
Project("{8BC9CEB8-8B4A-11D0-8D11-00A0C91BC942}") = "40_dynamic_loading", "40_dynamic_loading\40_dynamic_loading.vcxproj", "{CDBE29B8-B8CD-4184-9C47-F6F84EC3A594}"
EndProject
Project("{8BC9CEB8-8B4A-11D0-8D11-00A0C91BC942}") = "39_dynamic_library", "39_dynamic_library\39_dynamic_library.vcxproj", "{1E077120-69C1-4568-82B5-CEB9D33A2005}"
EndProject
Project("{8BC9CEB8-8B4A-11D0-8D11-00A0C91BC942}") = "38_formatting_functions", "38_formatting_functions\38_formatting_functions.vcxproj", "{1EFD9783-1C58-4A06-8CDB-3C62CF248BEE}"
EndProject
Project("{8BC9CEB8-8B4A-11D0-8D11-00A0C91BC942}") = "37_character_functions", "37_character_functions\37_character_functions.vcxproj", "{0AA46057-636E-4AE5-8155-4EC5FF1A501A}"
EndProject
Project("{8BC9CEB8-8B4A-11D0-8D11-00A0C91BC942}") = "36_string_functions", "36_string_functions\36_string_functions.vcxproj", "{089D488A-7503-457F-8483-FA3E0C8D74EC}"
EndProject
Project("{8BC9CEB8-8B4A-11D0-8D11-00A0C91BC942}") = "35_interprocess_communication_and_signals", "35_interprocess_communication_and_signals\35_interprocess_communication_and_signals.vcxproj", "{5FF99F75-E624-43EF-8479-BEB04DC74DEA}"
EndProject
Project("{8BC9CEB8-8B4A-11D0-8D11-00A0C91BC942}") = "34_networking", "34_networking\34_networking.vcxproj", "{03E85535-1436-495A-9A49-AF9BE93FF0BB}"
EndProject
Project("{8BC9CEB8-8B4A-11D0-8D11-00A0C91BC942}") = "33_macros", "33_macros\33_macros.vcxproj", "{B3F4F4D9-E2F7-48E1-901E-AB4D5D610DA1}"
EndProject
Project("{8BC9CEB8-8B4A-11D0-8D11-00A0C91BC942}") = "25_unions", "25_unions\25_unions.vcxproj", "{A9706DCC-9967-4829-A0CE-ACAB7B576834}"
EndProject
Project("{8BC9CEB8-8B4A-11D0-8D11-00A0C91BC942}") = "26_threads", "26_threads\26_threads.vcxproj", "{479338E3-C996-4A18-99E0-5ECBB2A8CE80}"
EndProject
Project("{8BC9CEB8-8B4A-11D0-8D11-00A0C91BC942}") = "27_advanced_control_flow", "27_advanced_control_flow\27_advanced_control_flow.vcxproj", "{311EAA50-98BC-424A-B93C-45752BABC0C6}"
EndProject
Project("{8BC9CEB8-8B4A-11D0-8D11-00A0C91BC942}") = "28_advanced_debugging_analysis_compiler_and_operations", "28_advanced_debugging_analysis_compiler_and_operations\28_advanced_debugging_analysis_compiler_and_operations.vcxproj", "{043DD672-A7D5-4C3E-84F1-6C2374F427D2}"
EndProject
Project("{8BC9CEB8-8B4A-11D0-8D11-00A0C91BC942}") = "29_advanced_pointers", "29_advanced_pointers\29_advanced_pointers.vcxproj", "{DBFE59B9-FD41-4005-91BD-411F9188000E}"
EndProject
Project("{8BC9CEB8-8B4A-11D0-8D11-00A0C91BC942}") = "30_advanced_function_concepts", "30_advanced_function_concepts\30_advanced_function_concepts.vcxproj", "{A4ACD913-AA41-4AAF-8D41-212A638A8498}"
EndProject
Project("{8BC9CEB8-8B4A-11D0-8D11-00A0C91BC942}") = "31_double_pointer", "31_double_pointer\31_double_pointer.vcxproj", "{AA5BA819-050C-4818-98C7-10788A06216D}"
EndProject
Project("{8BC9CEB8-8B4A-11D0-8D11-00A0C91BC942}") = "32_function_pointers", "32_function_pointers\32_function_pointers.vcxproj", "{961EE52E-C5C2-4C66-BC55-50D98767AC68}"
EndProject
Global
	GlobalSection(SolutionConfigurationPlatforms) = preSolution
		Debug|x64 = Debug|x64
		Debug|x86 = Debug|x86
		Release|x64 = Release|x64
		Release|x86 = Release|x86
	EndGlobalSection
	GlobalSection(ProjectConfigurationPlatforms) = postSolution
		{F17D71D9-0076-4FEE-A30C-7097C5C7453A}.Debug|x64.ActiveCfg = Debug|x64
		{F17D71D9-0076-4FEE-A30C-7097C5C7453A}.Debug|x64.Build.0 = Debug|x64
		{F17D71D9-0076-4FEE-A30C-7097C5C7453A}.Debug|x86.ActiveCfg = Debug|Win32
		{F17D71D9-0076-4FEE-A30C-7097C5C7453A}.Debug|x86.Build.0 = Debug|Win32
		{F17D71D9-0076-4FEE-A30C-7097C5C7453A}.Release|x64.ActiveCfg = Release|x64
		{F17D71D9-0076-4FEE-A30C-7097C5C7453A}.Release|x64.Build.0 = Release|x64
		{F17D71D9-0076-4FEE-A30C-7097C5C7453A}.Release|x86.ActiveCfg = Release|Win32
		{F17D71D9-0076-4FEE-A30C-7097C5C7453A}.Release|x86.Build.0 = Release|Win32
		{9CA82FEC-E4B0-4EA9-A788-4AA656C72417}.Debug|x64.ActiveCfg = Debug|x64
		{9CA82FEC-E4B0-4EA9-A788-4AA656C72417}.Debug|x64.Build.0 = Debug|x64
		{9CA82FEC-E4B0-4EA9-A788-4AA656C72417}.Debug|x86.ActiveCfg = Debug|Win32
		{9CA82FEC-E4B0-4EA9-A788-4AA656C72417}.Debug|x86.Build.0 = Debug|Win32
		{9CA82FEC-E4B0-4EA9-A788-4AA656C72417}.Release|x64.ActiveCfg = Release|x64
		{9CA82FEC-E4B0-4EA9-A788-4AA656C72417}.Release|x64.Build.0 = Release|x64
		{9CA82FEC-E4B0-4EA9-A788-4AA656C72417}.Release|x86.ActiveCfg = Release|Win32
		{9CA82FEC-E4B0-4EA9-A788-4AA656C72417}.Release|x86.Build.0 = Release|Win32
		{E12F47D3-80E3-4845-AD87-725AB75695F1}.Debug|x64.ActiveCfg = Debug|x64
		{E12F47D3-80E3-4845-AD87-725AB75695F1}.Debug|x64.Build.0 = Debug|x64
		{E12F47D3-80E3-4845-AD87-725AB75695F1}.Debug|x86.ActiveCfg = Debug|Win32
		{E12F47D3-80E3-4845-AD87-725AB75695F1}.Debug|x86.Build.0 = Debug|Win32
		{E12F47D3-80E3-4845-AD87-725AB75695F1}.Release|x64.ActiveCfg = Release|x64
		{E12F47D3-80E3-4845-AD87-725AB75695F1}.Release|x64.Build.0 = Release|x64
		{E12F47D3-80E3-4845-AD87-725AB75695F1}.Release|x86.ActiveCfg = Release|Win32
		{E12F47D3-80E3-4845-AD87-725AB75695F1}.Release|x86.Build.0 = Release|Win32
		{E17BF5CC-5F41-45DB-83D5-E149907D0951}.Debug|x64.ActiveCfg = Debug|x64
		{E17BF5CC-5F41-45DB-83D5-E149907D0951}.Debug|x64.Build.0 = Debug|x64
		{E17BF5CC-5F41-45DB-83D5-E149907D0951}.Debug|x86.ActiveCfg = Debug|Win32
		{E17BF5CC-5F41-45DB-83D5-E149907D0951}.Debug|x86.Build.0 = Debug|Win32
		{E17BF5CC-5F41-45DB-83D5-E149907D0951}.Release|x64.ActiveCfg = Release|x64
		{E17BF5CC-5F41-45DB-83D5-E149907D0951}.Release|x64.Build.0 = Release|x64
		{E17BF5CC-5F41-45DB-83D5-E149907D0951}.Release|x86.ActiveCfg = Release|Win32
		{E17BF5CC-5F41-45DB-83D5-E149907D0951}.Release|x86.Build.0 = Release|Win32
		{D8E1CE41-A94A-42CD-BD62-EE632771A096}.Debug|x64.ActiveCfg = Debug|x64
		{D8E1CE41-A94A-42CD-BD62-EE632771A096}.Debug|x64.Build.0 = Debug|x64
		{D8E1CE41-A94A-42CD-BD62-EE632771A096}.Debug|x86.ActiveCfg = Debug|Win32
		{D8E1CE41-A94A-42CD-BD62-EE632771A096}.Debug|x86.Build.0 = Debug|Win32
		{D8E1CE41-A94A-42CD-BD62-EE632771A096}.Release|x64.ActiveCfg = Release|x64
		{D8E1CE41-A94A-42CD-BD62-EE632771A096}.Release|x64.Build.0 = Release|x64
		{D8E1CE41-A94A-42CD-BD62-EE632771A096}.Release|x86.ActiveCfg = Release|Win32
		{D8E1CE41-A94A-42CD-BD62-EE632771A096}.Release|x86.Build.0 = Release|Win32
		{01536540-A95D-4698-A127-469099CB4226}.Debug|x64.ActiveCfg = Debug|x64
		{01536540-A95D-4698-A127-469099CB4226}.Debug|x64.Build.0 = Debug|x64
		{01536540-A95D-4698-A127-469099CB4226}.Debug|x86.ActiveCfg = Debug|Win32
		{01536540-A95D-4698-A127-469099CB4226}.Debug|x86.Build.0 = Debug|Win32
		{01536540-A95D-4698-A127-469099CB4226}.Release|x64.ActiveCfg = Release|x64
		{01536540-A95D-4698-A127-469099CB4226}.Release|x64.Build.0 = Release|x64
		{01536540-A95D-4698-A127-469099CB4226}.Release|x86.ActiveCfg = Release|Win32
		{01536540-A95D-4698-A127-469099CB4226}.Release|x86.Build.0 = Release|Win32
		{EEE7C3A6-7D5A-446B-B8EE-A6F990766CF3}.Debug|x64.ActiveCfg = Debug|x64
		{EEE7C3A6-7D5A-446B-B8EE-A6F990766CF3}.Debug|x64.Build.0 = Debug|x64
		{EEE7C3A6-7D5A-446B-B8EE-A6F990766CF3}.Debug|x86.ActiveCfg = Debug|Win32
		{EEE7C3A6-7D5A-446B-B8EE-A6F990766CF3}.Debug|x86.Build.0 = Debug|Win32
		{EEE7C3A6-7D5A-446B-B8EE-A6F990766CF3}.Release|x64.ActiveCfg = Release|x64
		{EEE7C3A6-7D5A-446B-B8EE-A6F990766CF3}.Release|x64.Build.0 = Release|x64
		{EEE7C3A6-7D5A-446B-B8EE-A6F990766CF3}.Release|x86.ActiveCfg = Release|Win32
		{EEE7C3A6-7D5A-446B-B8EE-A6F990766CF3}.Release|x86.Build.0 = Release|Win32
		{28C2B135-CE7E-4F48-B9F5-1AC1A9F45135}.Debug|x64.ActiveCfg = Debug|x64
		{28C2B135-CE7E-4F48-B9F5-1AC1A9F45135}.Debug|x64.Build.0 = Debug|x64
		{28C2B135-CE7E-4F48-B9F5-1AC1A9F45135}.Debug|x86.ActiveCfg = Debug|Win32
		{28C2B135-CE7E-4F48-B9F5-1AC1A9F45135}.Debug|x86.Build.0 = Debug|Win32
		{28C2B135-CE7E-4F48-B9F5-1AC1A9F45135}.Release|x64.ActiveCfg = Release|x64
		{28C2B135-CE7E-4F48-B9F5-1AC1A9F45135}.Release|x64.Build.0 = Release|x64
		{28C2B135-CE7E-4F48-B9F5-1AC1A9F45135}.Release|x86.ActiveCfg = Release|Win32
		{28C2B135-CE7E-4F48-B9F5-1AC1A9F45135}.Release|x86.Build.0 = Release|Win32
		{704BDB1A-72AF-4E8E-A21C-7E1DF2C8D88D}.Debug|x64.ActiveCfg = Debug|x64
		{704BDB1A-72AF-4E8E-A21C-7E1DF2C8D88D}.Debug|x64.Build.0 = Debug|x64
		{704BDB1A-72AF-4E8E-A21C-7E1DF2C8D88D}.Debug|x86.ActiveCfg = Debug|Win32
		{704BDB1A-72AF-4E8E-A21C-7E1DF2C8D88D}.Debug|x86.Build.0 = Debug|Win32
		{704BDB1A-72AF-4E8E-A21C-7E1DF2C8D88D}.Release|x64.ActiveCfg = Release|x64
		{704BDB1A-72AF-4E8E-A21C-7E1DF2C8D88D}.Release|x64.Build.0 = Release|x64
		{704BDB1A-72AF-4E8E-A21C-7E1DF2C8D88D}.Release|x86.ActiveCfg = Release|Win32
		{704BDB1A-72AF-4E8E-A21C-7E1DF2C8D88D}.Release|x86.Build.0 = Release|Win32
		{0B184A62-A28C-425F-AFA1-2A05A6F7E983}.Debug|x64.ActiveCfg = Debug|x64
		{0B184A62-A28C-425F-AFA1-2A05A6F7E983}.Debug|x64.Build.0 = Debug|x64
		{0B184A62-A28C-425F-AFA1-2A05A6F7E983}.Debug|x86.ActiveCfg = Debug|Win32
		{0B184A62-A28C-425F-AFA1-2A05A6F7E983}.Debug|x86.Build.0 = Debug|Win32
		{0B184A62-A28C-425F-AFA1-2A05A6F7E983}.Release|x64.ActiveCfg = Release|x64
		{0B184A62-A28C-425F-AFA1-2A05A6F7E983}.Release|x64.Build.0 = Release|x64
		{0B184A62-A28C-425F-AFA1-2A05A6F7E983}.Release|x86.ActiveCfg = Release|Win32
		{0B184A62-A28C-425F-AFA1-2A05A6F7E983}.Release|x86.Build.0 = Release|Win32
		{43B096FD-DD55-4809-A461-653ABA8F4076}.Debug|x64.ActiveCfg = Debug|x64
		{43B096FD-DD55-4809-A461-653ABA8F4076}.Debug|x64.Build.0 = Debug|x64
		{43B096FD-DD55-4809-A461-653ABA8F4076}.Debug|x86.ActiveCfg = Debug|Win32
		{43B096FD-DD55-4809-A461-653ABA8F4076}.Debug|x86.Build.0 = Debug|Win32
		{43B096FD-DD55-4809-A461-653ABA8F4076}.Release|x64.ActiveCfg = Release|x64
		{43B096FD-DD55-4809-A461-653ABA8F4076}.Release|x64.Build.0 = Release|x64
		{43B096FD-DD55-4809-A461-653ABA8F4076}.Release|x86.ActiveCfg = Release|Win32
		{43B096FD-DD55-4809-A461-653ABA8F4076}.Release|x86.Build.0 = Release|Win32
		{5237B1F0-94B4-42C3-9BBD-476E5EFFF22C}.Debug|x64.ActiveCfg = Debug|x64
		{5237B1F0-94B4-42C3-9BBD-476E5EFFF22C}.Debug|x64.Build.0 = Debug|x64
		{5237B1F0-94B4-42C3-9BBD-476E5EFFF22C}.Debug|x86.ActiveCfg = Debug|Win32
		{5237B1F0-94B4-42C3-9BBD-476E5EFFF22C}.Debug|x86.Build.0 = Debug|Win32
		{5237B1F0-94B4-42C3-9BBD-476E5EFFF22C}.Release|x64.ActiveCfg = Release|x64
		{5237B1F0-94B4-42C3-9BBD-476E5EFFF22C}.Release|x64.Build.0 = Release|x64
		{5237B1F0-94B4-42C3-9BBD-476E5EFFF22C}.Release|x86.ActiveCfg = Release|Win32
		{5237B1F0-94B4-42C3-9BBD-476E5EFFF22C}.Release|x86.Build.0 = Release|Win32
		{C3431122-58BC-441C-99A0-902C5FD4B0B6}.Debug|x64.ActiveCfg = Debug|x64
		{C3431122-58BC-441C-99A0-902C5FD4B0B6}.Debug|x64.Build.0 = Debug|x64
		{C3431122-58BC-441C-99A0-902C5FD4B0B6}.Debug|x86.ActiveCfg = Debug|Win32
		{C3431122-58BC-441C-99A0-902C5FD4B0B6}.Debug|x86.Build.0 = Debug|Win32
		{C3431122-58BC-441C-99A0-902C5FD4B0B6}.Release|x64.ActiveCfg = Release|x64
		{C3431122-58BC-441C-99A0-902C5FD4B0B6}.Release|x64.Build.0 = Release|x64
		{C3431122-58BC-441C-99A0-902C5FD4B0B6}.Release|x86.ActiveCfg = Release|Win32
		{C3431122-58BC-441C-99A0-902C5FD4B0B6}.Release|x86.Build.0 = Release|Win32
		{912A01A5-5DC5-42B9-BB34-30A5EC1F9CB8}.Debug|x64.ActiveCfg = Debug|x64
		{912A01A5-5DC5-42B9-BB34-30A5EC1F9CB8}.Debug|x64.Build.0 = Debug|x64
		{912A01A5-5DC5-42B9-BB34-30A5EC1F9CB8}.Debug|x86.ActiveCfg = Debug|Win32
		{912A01A5-5DC5-42B9-BB34-30A5EC1F9CB8}.Debug|x86.Build.0 = Debug|Win32
		{912A01A5-5DC5-42B9-BB34-30A5EC1F9CB8}.Release|x64.ActiveCfg = Release|x64
		{912A01A5-5DC5-42B9-BB34-30A5EC1F9CB8}.Release|x64.Build.0 = Release|x64
		{912A01A5-5DC5-42B9-BB34-30A5EC1F9CB8}.Release|x86.ActiveCfg = Release|Win32
		{912A01A5-5DC5-42B9-BB34-30A5EC1F9CB8}.Release|x86.Build.0 = Release|Win32
		{F168B701-64BF-42F7-92DC-ED916E138458}.Debug|x64.ActiveCfg = Debug|x64
		{F168B701-64BF-42F7-92DC-ED916E138458}.Debug|x64.Build.0 = Debug|x64
		{F168B701-64BF-42F7-92DC-ED916E138458}.Debug|x86.ActiveCfg = Debug|Win32
		{F168B701-64BF-42F7-92DC-ED916E138458}.Debug|x86.Build.0 = Debug|Win32
		{F168B701-64BF-42F7-92DC-ED916E138458}.Release|x64.ActiveCfg = Release|x64
		{F168B701-64BF-42F7-92DC-ED916E138458}.Release|x64.Build.0 = Release|x64
		{F168B701-64BF-42F7-92DC-ED916E138458}.Release|x86.ActiveCfg = Release|Win32
		{F168B701-64BF-42F7-92DC-ED916E138458}.Release|x86.Build.0 = Release|Win32
		{CB07AD80-C12F-493C-9A3C-611B7B49EE44}.Debug|x64.ActiveCfg = Debug|x64
		{CB07AD80-C12F-493C-9A3C-611B7B49EE44}.Debug|x64.Build.0 = Debug|x64
		{CB07AD80-C12F-493C-9A3C-611B7B49EE44}.Debug|x86.ActiveCfg = Debug|Win32
		{CB07AD80-C12F-493C-9A3C-611B7B49EE44}.Debug|x86.Build.0 = Debug|Win32
		{CB07AD80-C12F-493C-9A3C-611B7B49EE44}.Release|x64.ActiveCfg = Release|x64
		{CB07AD80-C12F-493C-9A3C-611B7B49EE44}.Release|x64.Build.0 = Release|x64
		{CB07AD80-C12F-493C-9A3C-611B7B49EE44}.Release|x86.ActiveCfg = Release|Win32
		{CB07AD80-C12F-493C-9A3C-611B7B49EE44}.Release|x86.Build.0 = Release|Win32
		{8C8158E9-7EE7-4B53-AC61-13E1857CAFC1}.Debug|x64.ActiveCfg = Debug|x64
		{8C8158E9-7EE7-4B53-AC61-13E1857CAFC1}.Debug|x64.Build.0 = Debug|x64
		{8C8158E9-7EE7-4B53-AC61-13E1857CAFC1}.Debug|x86.ActiveCfg = Debug|Win32
		{8C8158E9-7EE7-4B53-AC61-13E1857CAFC1}.Debug|x86.Build.0 = Debug|Win32
		{8C8158E9-7EE7-4B53-AC61-13E1857CAFC1}.Release|x64.ActiveCfg = Release|x64
		{8C8158E9-7EE7-4B53-AC61-13E1857CAFC1}.Release|x64.Build.0 = Release|x64
		{8C8158E9-7EE7-4B53-AC61-13E1857CAFC1}.Release|x86.ActiveCfg = Release|Win32
		{8C8158E9-7EE7-4B53-AC61-13E1857CAFC1}.Release|x86.Build.0 = Release|Win32
		{74564285-5C0E-4683-9FA8-194E21F04E99}.Debug|x64.ActiveCfg = Debug|x64
		{74564285-5C0E-4683-9FA8-194E21F04E99}.Debug|x64.Build.0 = Debug|x64
		{74564285-5C0E-4683-9FA8-194E21F04E99}.Debug|x86.ActiveCfg = Debug|Win32
		{74564285-5C0E-4683-9FA8-194E21F04E99}.Debug|x86.Build.0 = Debug|Win32
		{74564285-5C0E-4683-9FA8-194E21F04E99}.Release|x64.ActiveCfg = Release|x64
		{74564285-5C0E-4683-9FA8-194E21F04E99}.Release|x64.Build.0 = Release|x64
		{74564285-5C0E-4683-9FA8-194E21F04E99}.Release|x86.ActiveCfg = Release|Win32
		{74564285-5C0E-4683-9FA8-194E21F04E99}.Release|x86.Build.0 = Release|Win32
		{9BDF241E-51C3-4800-B6BD-2062E1F80846}.Debug|x64.ActiveCfg = Debug|x64
		{9BDF241E-51C3-4800-B6BD-2062E1F80846}.Debug|x64.Build.0 = Debug|x64
		{9BDF241E-51C3-4800-B6BD-2062E1F80846}.Debug|x86.ActiveCfg = Debug|Win32
		{9BDF241E-51C3-4800-B6BD-2062E1F80846}.Debug|x86.Build.0 = Debug|Win32
		{9BDF241E-51C3-4800-B6BD-2062E1F80846}.Release|x64.ActiveCfg = Release|x64
		{9BDF241E-51C3-4800-B6BD-2062E1F80846}.Release|x64.Build.0 = Release|x64
		{9BDF241E-51C3-4800-B6BD-2062E1F80846}.Release|x86.ActiveCfg = Release|Win32
		{9BDF241E-51C3-4800-B6BD-2062E1F80846}.Release|x86.Build.0 = Release|Win32
		{4634B717-3DDB-4BDB-BD05-7D24849E16DB}.Debug|x64.ActiveCfg = Debug|x64
		{4634B717-3DDB-4BDB-BD05-7D24849E16DB}.Debug|x64.Build.0 = Debug|x64
		{4634B717-3DDB-4BDB-BD05-7D24849E16DB}.Debug|x86.ActiveCfg = Debug|Win32
		{4634B717-3DDB-4BDB-BD05-7D24849E16DB}.Debug|x86.Build.0 = Debug|Win32
		{4634B717-3DDB-4BDB-BD05-7D24849E16DB}.Release|x64.ActiveCfg = Release|x64
		{4634B717-3DDB-4BDB-BD05-7D24849E16DB}.Release|x64.Build.0 = Release|x64
		{4634B717-3DDB-4BDB-BD05-7D24849E16DB}.Release|x86.ActiveCfg = Release|Win32
		{4634B717-3DDB-4BDB-BD05-7D24849E16DB}.Release|x86.Build.0 = Release|Win32
		{C75E6760-8A15-411D-A681-74AD00AE906E}.Debug|x64.ActiveCfg = Debug|x64
		{C75E6760-8A15-411D-A681-74AD00AE906E}.Debug|x64.Build.0 = Debug|x64
		{C75E6760-8A15-411D-A681-74AD00AE906E}.Debug|x86.ActiveCfg = Debug|Win32
		{C75E6760-8A15-411D-A681-74AD00AE906E}.Debug|x86.Build.0 = Debug|Win32
		{C75E6760-8A15-411D-A681-74AD00AE906E}.Release|x64.ActiveCfg = Release|x64
		{C75E6760-8A15-411D-A681-74AD00AE906E}.Release|x64.Build.0 = Release|x64
		{C75E6760-8A15-411D-A681-74AD00AE906E}.Release|x86.ActiveCfg = Release|Win32
		{C75E6760-8A15-411D-A681-74AD00AE906E}.Release|x86.Build.0 = Release|Win32
		{75C916A9-F9BC-4D49-A5FA-6CC360D79A00}.Debug|x64.ActiveCfg = Debug|x64
		{75C916A9-F9BC-4D49-A5FA-6CC360D79A00}.Debug|x64.Build.0 = Debug|x64
		{75C916A9-F9BC-4D49-A5FA-6CC360D79A00}.Debug|x86.ActiveCfg = Debug|Win32
		{75C916A9-F9BC-4D49-A5FA-6CC360D79A00}.Debug|x86.Build.0 = Debug|Win32
		{75C916A9-F9BC-4D49-A5FA-6CC360D79A00}.Release|x64.ActiveCfg = Release|x64
		{75C916A9-F9BC-4D49-A5FA-6CC360D79A00}.Release|x64.Build.0 = Release|x64
		{75C916A9-F9BC-4D49-A5FA-6CC360D79A00}.Release|x86.ActiveCfg = Release|Win32
		{75C916A9-F9BC-4D49-A5FA-6CC360D79A00}.Release|x86.Build.0 = Release|Win32
		{7E7C5248-044E-4C20-8C79-6076EEA44665}.Debug|x64.ActiveCfg = Debug|x64
		{7E7C5248-044E-4C20-8C79-6076EEA44665}.Debug|x64.Build.0 = Debug|x64
		{7E7C5248-044E-4C20-8C79-6076EEA44665}.Debug|x86.ActiveCfg = Debug|Win32
		{7E7C5248-044E-4C20-8C79-6076EEA44665}.Debug|x86.Build.0 = Debug|Win32
		{7E7C5248-044E-4C20-8C79-6076EEA44665}.Release|x64.ActiveCfg = Release|x64
		{7E7C5248-044E-4C20-8C79-6076EEA44665}.Release|x64.Build.0 = Release|x64
		{7E7C5248-044E-4C20-8C79-6076EEA44665}.Release|x86.ActiveCfg = Release|Win32
		{7E7C5248-044E-4C20-8C79-6076EEA44665}.Release|x86.Build.0 = Release|Win32
		{75F971C1-B593-425C-86EA-12FF00D90188}.Debug|x64.ActiveCfg = Debug|x64
		{75F971C1-B593-425C-86EA-12FF00D90188}.Debug|x64.Build.0 = Debug|x64
		{75F971C1-B593-425C-86EA-12FF00D90188}.Debug|x86.ActiveCfg = Debug|Win32
		{75F971C1-B593-425C-86EA-12FF00D90188}.Debug|x86.Build.0 = Debug|Win32
		{75F971C1-B593-425C-86EA-12FF00D90188}.Release|x64.ActiveCfg = Release|x64
		{75F971C1-B593-425C-86EA-12FF00D90188}.Release|x64.Build.0 = Release|x64
		{75F971C1-B593-425C-86EA-12FF00D90188}.Release|x86.ActiveCfg = Release|Win32
		{75F971C1-B593-425C-86EA-12FF00D90188}.Release|x86.Build.0 = Release|Win32
		{FAB1572D-39FD-4918-BA77-7F83BFD83294}.Debug|x64.ActiveCfg = Debug|x64
		{FAB1572D-39FD-4918-BA77-7F83BFD83294}.Debug|x64.Build.0 = Debug|x64
		{FAB1572D-39FD-4918-BA77-7F83BFD83294}.Debug|x86.ActiveCfg = Debug|Win32
		{FAB1572D-39FD-4918-BA77-7F83BFD83294}.Debug|x86.Build.0 = Debug|Win32
		{FAB1572D-39FD-4918-BA77-7F83BFD83294}.Release|x64.ActiveCfg = Release|x64
		{FAB1572D-39FD-4918-BA77-7F83BFD83294}.Release|x64.Build.0 = Release|x64
		{FAB1572D-39FD-4918-BA77-7F83BFD83294}.Release|x86.ActiveCfg = Release|Win32
		{FAB1572D-39FD-4918-BA77-7F83BFD83294}.Release|x86.Build.0 = Release|Win32
		{65BEB071-6BF1-41D1-888A-EF9BDFA8B9F1}.Debug|x64.ActiveCfg = Debug|x64
		{65BEB071-6BF1-41D1-888A-EF9BDFA8B9F1}.Debug|x64.Build.0 = Debug|x64
		{65BEB071-6BF1-41D1-888A-EF9BDFA8B9F1}.Debug|x86.ActiveCfg = Debug|Win32
		{65BEB071-6BF1-41D1-888A-EF9BDFA8B9F1}.Debug|x86.Build.0 = Debug|Win32
		{65BEB071-6BF1-41D1-888A-EF9BDFA8B9F1}.Release|x64.ActiveCfg = Release|x64
		{65BEB071-6BF1-41D1-888A-EF9BDFA8B9F1}.Release|x64.Build.0 = Release|x64
		{65BEB071-6BF1-41D1-888A-EF9BDFA8B9F1}.Release|x86.ActiveCfg = Release|Win32
		{65BEB071-6BF1-41D1-888A-EF9BDFA8B9F1}.Release|x86.Build.0 = Release|Win32
		{5E29BF81-B357-428A-8A61-DBD2CF1E0A30}.Debug|x64.ActiveCfg = Debug|x64
		{5E29BF81-B357-428A-8A61-DBD2CF1E0A30}.Debug|x64.Build.0 = Debug|x64
		{5E29BF81-B357-428A-8A61-DBD2CF1E0A30}.Debug|x86.ActiveCfg = Debug|Win32
		{5E29BF81-B357-428A-8A61-DBD2CF1E0A30}.Debug|x86.Build.0 = Debug|Win32
		{5E29BF81-B357-428A-8A61-DBD2CF1E0A30}.Release|x64.ActiveCfg = Release|x64
		{5E29BF81-B357-428A-8A61-DBD2CF1E0A30}.Release|x64.Build.0 = Release|x64
		{5E29BF81-B357-428A-8A61-DBD2CF1E0A30}.Release|x86.ActiveCfg = Release|Win32
		{5E29BF81-B357-428A-8A61-DBD2CF1E0A30}.Release|x86.Build.0 = Release|Win32
		{D3A44F61-7703-421F-96CF-175EE3FAE72F}.Debug|x64.ActiveCfg = Debug|x64
		{D3A44F61-7703-421F-96CF-175EE3FAE72F}.Debug|x64.Build.0 = Debug|x64
		{D3A44F61-7703-421F-96CF-175EE3FAE72F}.Debug|x86.ActiveCfg = Debug|Win32
		{D3A44F61-7703-421F-96CF-175EE3FAE72F}.Debug|x86.Build.0 = Debug|Win32
		{D3A44F61-7703-421F-96CF-175EE3FAE72F}.Release|x64.ActiveCfg = Release|x64
		{D3A44F61-7703-421F-96CF-175EE3FAE72F}.Release|x64.Build.0 = Release|x64
		{D3A44F61-7703-421F-96CF-175EE3FAE72F}.Release|x86.ActiveCfg = Release|Win32
		{D3A44F61-7703-421F-96CF-175EE3FAE72F}.Release|x86.Build.0 = Release|Win32
		{D3C061D2-AFFF-4C15-AE3C-C92DFEA99FB8}.Debug|x64.ActiveCfg = Debug|x64
		{D3C061D2-AFFF-4C15-AE3C-C92DFEA99FB8}.Debug|x64.Build.0 = Debug|x64
		{D3C061D2-AFFF-4C15-AE3C-C92DFEA99FB8}.Debug|x86.ActiveCfg = Debug|Win32
		{D3C061D2-AFFF-4C15-AE3C-C92DFEA99FB8}.Debug|x86.Build.0 = Debug|Win32
		{D3C061D2-AFFF-4C15-AE3C-C92DFEA99FB8}.Release|x64.ActiveCfg = Release|x64
		{D3C061D2-AFFF-4C15-AE3C-C92DFEA99FB8}.Release|x64.Build.0 = Release|x64
		{D3C061D2-AFFF-4C15-AE3C-C92DFEA99FB8}.Release|x86.ActiveCfg = Release|Win32
		{D3C061D2-AFFF-4C15-AE3C-C92DFEA99FB8}.Release|x86.Build.0 = Release|Win32
		{C68A513D-0F8C-4811-A3BF-D3343FF94E13}.Debug|x64.ActiveCfg = Debug|x64
		{C68A513D-0F8C-4811-A3BF-D3343FF94E13}.Debug|x64.Build.0 = Debug|x64
		{C68A513D-0F8C-4811-A3BF-D3343FF94E13}.Debug|x86.ActiveCfg = Debug|Win32
		{C68A513D-0F8C-4811-A3BF-D3343FF94E13}.Debug|x86.Build.0 = Debug|Win32
		{C68A513D-0F8C-4811-A3BF-D3343FF94E13}.Release|x64.ActiveCfg = Release|x64
		{C68A513D-0F8C-4811-A3BF-D3343FF94E13}.Release|x64.Build.0 = Release|x64
		{C68A513D-0F8C-4811-A3BF-D3343FF94E13}.Release|x86.ActiveCfg = Release|Win32
		{C68A513D-0F8C-4811-A3BF-D3343FF94E13}.Release|x86.Build.0 = Release|Win32
		{4B21E8F1-92D1-48F7-A505-8768040EAA82}.Debug|x64.ActiveCfg = Debug|x64
		{4B21E8F1-92D1-48F7-A505-8768040EAA82}.Debug|x64.Build.0 = Debug|x64
		{4B21E8F1-92D1-48F7-A505-8768040EAA82}.Debug|x86.ActiveCfg = Debug|Win32
		{4B21E8F1-92D1-48F7-A505-8768040EAA82}.Debug|x86.Build.0 = Debug|Win32
		{4B21E8F1-92D1-48F7-A505-8768040EAA82}.Release|x64.ActiveCfg = Release|x64
		{4B21E8F1-92D1-48F7-A505-8768040EAA82}.Release|x64.Build.0 = Release|x64
		{4B21E8F1-92D1-48F7-A505-8768040EAA82}.Release|x86.ActiveCfg = Release|Win32
		{4B21E8F1-92D1-48F7-A505-8768040EAA82}.Release|x86.Build.0 = Release|Win32
		{CDBE29B8-B8CD-4184-9C47-F6F84EC3A594}.Debug|x64.ActiveCfg = Debug|x64
		{CDBE29B8-B8CD-4184-9C47-F6F84EC3A594}.Debug|x64.Build.0 = Debug|x64
		{CDBE29B8-B8CD-4184-9C47-F6F84EC3A594}.Debug|x86.ActiveCfg = Debug|Win32
		{CDBE29B8-B8CD-4184-9C47-F6F84EC3A594}.Debug|x86.Build.0 = Debug|Win32
		{CDBE29B8-B8CD-4184-9C47-F6F84EC3A594}.Release|x64.ActiveCfg = Release|x64
		{CDBE29B8-B8CD-4184-9C47-F6F84EC3A594}.Release|x64.Build.0 = Release|x64
		{CDBE29B8-B8CD-4184-9C47-F6F84EC3A594}.Release|x86.ActiveCfg = Release|Win32
		{CDBE29B8-B8CD-4184-9C47-F6F84EC3A594}.Release|x86.Build.0 = Release|Win32
		{1E077120-69C1-4568-82B5-CEB9D33A2005}.Debug|x64.ActiveCfg = Debug|x64
		{1E077120-69C1-4568-82B5-CEB9D33A2005}.Debug|x64.Build.0 = Debug|x64
		{1E077120-69C1-4568-82B5-CEB9D33A2005}.Debug|x86.ActiveCfg = Debug|Win32
		{1E077120-69C1-4568-82B5-CEB9D33A2005}.Debug|x86.Build.0 = Debug|Win32
		{1E077120-69C1-4568-82B5-CEB9D33A2005}.Release|x64.ActiveCfg = Release|x64
		{1E077120-69C1-4568-82B5-CEB9D33A2005}.Release|x64.Build.0 = Release|x64
		{1E077120-69C1-4568-82B5-CEB9D33A2005}.Release|x86.ActiveCfg = Release|Win32
		{1E077120-69C1-4568-82B5-CEB9D33A2005}.Release|x86.Build.0 = Release|Win32
		{1EFD9783-1C58-4A06-8CDB-3C62CF248BEE}.Debug|x64.ActiveCfg = Debug|x64
		{1EFD9783-1C58-4A06-8CDB-3C62CF248BEE}.Debug|x64.Build.0 = Debug|x64
		{1EFD9783-1C58-4A06-8CDB-3C62CF248BEE}.Debug|x86.ActiveCfg = Debug|Win32
		{1EFD9783-1C58-4A06-8CDB-3C62CF248BEE}.Debug|x86.Build.0 = Debug|Win32
		{1EFD9783-1C58-4A06-8CDB-3C62CF248BEE}.Release|x64.ActiveCfg = Release|x64
		{1EFD9783-1C58-4A06-8CDB-3C62CF248BEE}.Release|x64.Build.0 = Release|x64
		{1EFD9783-1C58-4A06-8CDB-3C62CF248BEE}.Release|x86.ActiveCfg = Release|Win32
		{1EFD9783-1C58-4A06-8CDB-3C62CF248BEE}.Release|x86.Build.0 = Release|Win32
		{0AA46057-636E-4AE5-8155-4EC5FF1A501A}.Debug|x64.ActiveCfg = Debug|x64
		{0AA46057-636E-4AE5-8155-4EC5FF1A501A}.Debug|x64.Build.0 = Debug|x64
		{0AA46057-636E-4AE5-8155-4EC5FF1A501A}.Debug|x86.ActiveCfg = Debug|Win32
		{0AA46057-636E-4AE5-8155-4EC5FF1A501A}.Debug|x86.Build.0 = Debug|Win32
		{0AA46057-636E-4AE5-8155-4EC5FF1A501A}.Release|x64.ActiveCfg = Release|x64
		{0AA46057-636E-4AE5-8155-4EC5FF1A501A}.Release|x64.Build.0 = Release|x64
		{0AA46057-636E-4AE5-8155-4EC5FF1A501A}.Release|x86.ActiveCfg = Release|Win32
		{0AA46057-636E-4AE5-8155-4EC5FF1A501A}.Release|x86.Build.0 = Release|Win32
		{089D488A-7503-457F-8483-FA3E0C8D74EC}.Debug|x64.ActiveCfg = Debug|x64
		{089D488A-7503-457F-8483-FA3E0C8D74EC}.Debug|x64.Build.0 = Debug|x64
		{089D488A-7503-457F-8483-FA3E0C8D74EC}.Debug|x86.ActiveCfg = Debug|Win32
		{089D488A-7503-457F-8483-FA3E0C8D74EC}.Debug|x86.Build.0 = Debug|Win32
		{089D488A-7503-457F-8483-FA3E0C8D74EC}.Release|x64.ActiveCfg = Release|x64
		{089D488A-7503-457F-8483-FA3E0C8D74EC}.Release|x64.Build.0 = Release|x64
		{089D488A-7503-457F-8483-FA3E0C8D74EC}.Release|x86.ActiveCfg = Release|Win32
		{089D488A-7503-457F-8483-FA3E0C8D74EC}.Release|x86.Build.0 = Release|Win32
		{5FF99F75-E624-43EF-8479-BEB04DC74DEA}.Debug|x64.ActiveCfg = Debug|x64
		{5FF99F75-E624-43EF-8479-BEB04DC74DEA}.Debug|x64.Build.0 = Debug|x64
		{5FF99F75-E624-43EF-8479-BEB04DC74DEA}.Debug|x86.ActiveCfg = Debug|Win32
		{5FF99F75-E624-43EF-8479-BEB04DC74DEA}.Debug|x86.Build.0 = Debug|Win32
		{5FF99F75-E624-43EF-8479-BEB04DC74DEA}.Release|x64.ActiveCfg = Release|x64
		{5FF99F75-E624-43EF-8479-BEB04DC74DEA}.Release|x64.Build.0 = Release|x64
		{5FF99F75-E624-43EF-8479-BEB04DC74DEA}.Release|x86.ActiveCfg = Release|Win32
		{5FF99F75-E624-43EF-8479-BEB04DC74DEA}.Release|x86.Build.0 = Release|Win32
		{03E85535-1436-495A-9A49-AF9BE93FF0BB}.Debug|x64.ActiveCfg = Debug|x64
		{03E85535-1436-495A-9A49-AF9BE93FF0BB}.Debug|x64.Build.0 = Debug|x64
		{03E85535-1436-495A-9A49-AF9BE93FF0BB}.Debug|x86.ActiveCfg = Debug|Win32
		{03E85535-1436-495A-9A49-AF9BE93FF0BB}.Debug|x86.Build.0 = Debug|Win32
		{03E85535-1436-495A-9A49-AF9BE93FF0BB}.Release|x64.ActiveCfg = Release|x64
		{03E85535-1436-495A-9A49-AF9BE93FF0BB}.Release|x64.Build.0 = Release|x64
		{03E85535-1436-495A-9A49-AF9BE93FF0BB}.Release|x86.ActiveCfg = Release|Win32
		{03E85535-1436-495A-9A49-AF9BE93FF0BB}.Release|x86.Build.0 = Release|Win32
		{B3F4F4D9-E2F7-48E1-901E-AB4D5D610DA1}.Debug|x64.ActiveCfg = Debug|x64
		{B3F4F4D9-E2F7-48E1-901E-AB4D5D610DA1}.Debug|x64.Build.0 = Debug|x64
		{B3F4F4D9-E2F7-48E1-901E-AB4D5D610DA1}.Debug|x86.ActiveCfg = Debug|Win32
		{B3F4F4D9-E2F7-48E1-901E-AB4D5D610DA1}.Debug|x86.Build.0 = Debug|Win32
		{B3F4F4D9-E2F7-48E1-901E-AB4D5D610DA1}.Release|x64.ActiveCfg = Release|x64
		{B3F4F4D9-E2F7-48E1-901E-AB4D5D610DA1}.Release|x64.Build.0 = Release|x64
		{B3F4F4D9-E2F7-48E1-901E-AB4D5D610DA1}.Release|x86.ActiveCfg = Release|Win32
		{B3F4F4D9-E2F7-48E1-901E-AB4D5D610DA1}.Release|x86.Build.0 = Release|Win32
		{A9706DCC-9967-4829-A0CE-ACAB7B576834}.Debug|x64.ActiveCfg = Debug|x64
		{A9706DCC-9967-4829-A0CE-ACAB7B576834}.Debug|x64.Build.0 = Debug|x64
		{A9706DCC-9967-4829-A0CE-ACAB7B576834}.Debug|x86.ActiveCfg = Debug|Win32
		{A9706DCC-9967-4829-A0CE-ACAB7B576834}.Debug|x86.Build.0 = Debug|Win32
		{A9706DCC-9967-4829-A0CE-ACAB7B576834}.Release|x64.ActiveCfg = Release|x64
		{A9706DCC-9967-4829-A0CE-ACAB7B576834}.Release|x64.Build.0 = Release|x64
		{A9706DCC-9967-4829-A0CE-ACAB7B576834}.Release|x86.ActiveCfg = Release|Win32
		{A9706DCC-9967-4829-A0CE-ACAB7B576834}.Release|x86.Build.0 = Release|Win32
		{479338E3-C996-4A18-99E0-5ECBB2A8CE80}.Debug|x64.ActiveCfg = Debug|x64
		{479338E3-C996-4A18-99E0-5ECBB2A8CE80}.Debug|x64.Build.0 = Debug|x64
		{479338E3-C996-4A18-99E0-5ECBB2A8CE80}.Debug|x86.ActiveCfg = Debug|Win32
		{479338E3-C996-4A18-99E0-5ECBB2A8CE80}.Debug|x86.Build.0 = Debug|Win32
		{479338E3-C996-4A18-99E0-5ECBB2A8CE80}.Release|x64.ActiveCfg = Release|x64
		{479338E3-C996-4A18-99E0-5ECBB2A8CE80}.Release|x64.Build.0 = Release|x64
		{479338E3-C996-4A18-99E0-5ECBB2A8CE80}.Release|x86.ActiveCfg = Release|Win32
		{479338E3-C996-4A18-99E0-5ECBB2A8CE80}.Release|x86.Build.0 = Release|Win32
		{311EAA50-98BC-424A-B93C-45752BABC0C6}.Debug|x64.ActiveCfg = Debug|x64
		{311EAA50-98BC-424A-B93C-45752BABC0C6}.Debug|x64.Build.0 = Debug|x64
		{311EAA50-98BC-424A-B93C-45752BABC0C6}.Debug|x86.ActiveCfg = Debug|Win32
		{311EAA50-98BC-424A-B93C-45752BABC0C6}.Debug|x86.Build.0 = Debug|Win32
		{311EAA50-98BC-424A-B93C-45752BABC0C6}.Release|x64.ActiveCfg = Release|x64
		{311EAA50-98BC-424A-B93C-45752BABC0C6}.Release|x64.Build.0 = Release|x64
		{311EAA50-98BC-424A-B93C-45752BABC0C6}.Release|x86.ActiveCfg = Release|Win32
		{311EAA50-98BC-424A-B93C-45752BABC0C6}.Release|x86.Build.0 = Release|Win32
		{043DD672-A7D5-4C3E-84F1-6C2374F427D2}.Debug|x64.ActiveCfg = Debug|x64
		{043DD672-A7D5-4C3E-84F1-6C2374F427D2}.Debug|x64.Build.0 = Debug|x64
		{043DD672-A7D5-4C3E-84F1-6C2374F427D2}.Debug|x86.ActiveCfg = Debug|Win32
		{043DD672-A7D5-4C3E-84F1-6C2374F427D2}.Debug|x86.Build.0 = Debug|Win32
		{043DD672-A7D5-4C3E-84F1-6C2374F427D2}.Release|x64.ActiveCfg = Release|x64
		{043DD672-A7D5-4C3E-84F1-6C2374F427D2}.Release|x64.Build.0 = Release|x64
		{043DD672-A7D5-4C3E-84F1-6C2374F427D2}.Release|x86.ActiveCfg = Release|Win32
		{043DD672-A7D5-4C3E-84F1-6C2374F427D2}.Release|x86.Build.0 = Release|Win32
		{DBFE59B9-FD41-4005-91BD-411F9188000E}.Debug|x64.ActiveCfg = Debug|x64
		{DBFE59B9-FD41-4005-91BD-411F9188000E}.Debug|x64.Build.0 = Debug|x64
		{DBFE59B9-FD41-4005-91BD-411F9188000E}.Debug|x86.ActiveCfg = Debug|Win32
		{DBFE59B9-FD41-4005-91BD-411F9188000E}.Debug|x86.Build.0 = Debug|Win32
		{DBFE59B9-FD41-4005-91BD-411F9188000E}.Release|x64.ActiveCfg = Release|x64
		{DBFE59B9-FD41-4005-91BD-411F9188000E}.Release|x64.Build.0 = Release|x64
		{DBFE59B9-FD41-4005-91BD-411F9188000E}.Release|x86.ActiveCfg = Release|Win32
		{DBFE59B9-FD41-4005-91BD-411F9188000E}.Release|x86.Build.0 = Release|Win32
		{A4ACD913-AA41-4AAF-8D41-212A638A8498}.Debug|x64.ActiveCfg = Debug|x64
		{A4ACD913-AA41-4AAF-8D41-212A638A8498}.Debug|x64.Build.0 = Debug|x64
		{A4ACD913-AA41-4AAF-8D41-212A638A8498}.Debug|x86.ActiveCfg = Debug|Win32
		{A4ACD913-AA41-4AAF-8D41-212A638A8498}.Debug|x86.Build.0 = Debug|Win32
		{A4ACD913-AA41-4AAF-8D41-212A638A8498}.Release|x64.ActiveCfg = Release|x64
		{A4ACD913-AA41-4AAF-8D41-212A638A8498}.Release|x64.Build.0 = Release|x64
		{A4ACD913-AA41-4AAF-8D41-212A638A8498}.Release|x86.ActiveCfg = Release|Win32
		{A4ACD913-AA41-4AAF-8D41-212A638A8498}.Release|x86.Build.0 = Release|Win32
		{AA5BA819-050C-4818-98C7-10788A06216D}.Debug|x64.ActiveCfg = Debug|x64
		{AA5BA819-050C-4818-98C7-10788A06216D}.Debug|x64.Build.0 = Debug|x64
		{AA5BA819-050C-4818-98C7-10788A06216D}.Debug|x86.ActiveCfg = Debug|Win32
		{AA5BA819-050C-4818-98C7-10788A06216D}.Debug|x86.Build.0 = Debug|Win32
		{AA5BA819-050C-4818-98C7-10788A06216D}.Release|x64.ActiveCfg = Release|x64
		{AA5BA819-050C-4818-98C7-10788A06216D}.Release|x64.Build.0 = Release|x64
		{AA5BA819-050C-4818-98C7-10788A06216D}.Release|x86.ActiveCfg = Release|Win32
		{AA5BA819-050C-4818-98C7-10788A06216D}.Release|x86.Build.0 = Release|Win32
		{961EE52E-C5C2-4C66-BC55-50D98767AC68}.Debug|x64.ActiveCfg = Debug|x64
		{961EE52E-C5C2-4C66-BC55-50D98767AC68}.Debug|x64.Build.0 = Debug|x64
		{961EE52E-C5C2-4C66-BC55-50D98767AC68}.Debug|x86.ActiveCfg = Debug|Win32
		{961EE52E-C5C2-4C66-BC55-50D98767AC68}.Debug|x86.Build.0 = Debug|Win32
		{961EE52E-C5C2-4C66-BC55-50D98767AC68}.Release|x64.ActiveCfg = Release|x64
		{961EE52E-C5C2-4C66-BC55-50D98767AC68}.Release|x64.Build.0 = Release|x64
		{961EE52E-C5C2-4C66-BC55-50D98767AC68}.Release|x86.ActiveCfg = Release|Win32
		{961EE52E-C5C2-4C66-BC55-50D98767AC68}.Release|x86.Build.0 = Release|Win32
	EndGlobalSection
	GlobalSection(SolutionProperties) = preSolution
		HideSolutionNode = FALSE
	EndGlobalSection
	GlobalSection(ExtensibilityGlobals) = postSolution
		SolutionGuid = {FBFA3BA4-E4EB-4AFD-9700-9E18F6442355}
	EndGlobalSection
EndGlobal
